// !$*UTF8*$!
{
	archiveVersion = 1;
	classes = {
	};
	objectVersion = 77;
	objects = {

/* Begin PBXBuildFile section */
		04D973B9B26B7BD22BE77086 /* OFL.txt in Resources */ = {isa = PBXBuildFile; fileRef = BC0E7514B707DAC348288C34 /* OFL.txt */; };
		0D1D04125C9C73F01291E94A /* ProgressProtocol.swift in Sources */ = {isa = PBXBuildFile; fileRef = 8F30F204F6FC5AB19BC84461 /* ProgressProtocol.swift */; };
		12ECCC78BC04865699AF3802 /* InstallerCoordinator.swift in Sources */ = {isa = PBXBuildFile; fileRef = AAF575ABE11CBC6AF2FC1D3F /* InstallerCoordinator.swift */; };
		135D1027BD0F3B4762310C2D /* FingerprintState.swift in Sources */ = {isa = PBXBuildFile; fileRef = D32D456A934ED46ACD089EF7 /* FingerprintState.swift */; };
		1C0CC5EED1EDDEDE6E62BDCD /* Assets.xcassets in Resources */ = {isa = PBXBuildFile; fileRef = 9EA7B9285055EFB24937AA9A /* Assets.xcassets */; };
		1C7B2F24D57A40800C9D9BE3 /* IBMPlexSans-Medium.ttf in Resources */ = {isa = PBXBuildFile; fileRef = 65879092ECF508D853DE6727 /* IBMPlexSans-Medium.ttf */; };
		2311C16E1DE97B3ADB33ED9E /* StepCatalog.swift in Sources */ = {isa = PBXBuildFile; fileRef = 08A68D9D961170201BC0E5A7 /* StepCatalog.swift */; };
		297DB80C29C941936F57FD6A /* DeviceLimitReachedViewSnapshotTests.swift in Sources */ = {isa = PBXBuildFile; fileRef = FF043F37481F3CACC3130494 /* DeviceLimitReachedViewSnapshotTests.swift */; };
		2D47AB35E1FB087DE3838834 /* ProgressDecoderTests.swift in Sources */ = {isa = PBXBuildFile; fileRef = 88EEF0A1E14468F9B99A6663 /* ProgressDecoderTests.swift */; };
		32EE05F704A2FC1663C79FBB /* AdminAuthorizationGateTests.swift in Sources */ = {isa = PBXBuildFile; fileRef = 40241AAA50AAB3FC5CE4B5A8 /* AdminAuthorizationGateTests.swift */; };
		35F58AE80A7E5EDE1D91C87A /* Outfit-SemiBold.ttf in Resources */ = {isa = PBXBuildFile; fileRef = 61C44A9C151DC4ED7850E818 /* Outfit-SemiBold.ttf */; };
		4053CDA189BD519216F95530 /* Outfit-Regular.ttf in Resources */ = {isa = PBXBuildFile; fileRef = 0A8FE4423B311BB14298C94D /* Outfit-Regular.ttf */; };
		41521CE6B6E9C954EB5B352E /* DeviceRegistrationClientTests.swift in Sources */ = {isa = PBXBuildFile; fileRef = 3B3A82C28A40E6D64666C5A3 /* DeviceRegistrationClientTests.swift */; };
		518D2D22C28A4FDC3193751D /* LicensePersistenceTests.swift in Sources */ = {isa = PBXBuildFile; fileRef = 87045089A04409A175F1AD96 /* LicensePersistenceTests.swift */; };
		51E255E2F487381E460923C0 /* HardwareFingerprint.swift in Sources */ = {isa = PBXBuildFile; fileRef = 7BE0CF828CCF9ED9B1E1129C /* HardwareFingerprint.swift */; };
		66A0343A50F3D01C5CF42933 /* IBMPlexSans-Regular.ttf in Resources */ = {isa = PBXBuildFile; fileRef = 38CF88E41D08067999FC9583 /* IBMPlexSans-Regular.ttf */; };
		673333837843D135C3E79E65 /* OnboardingQuestionXOfYTests.swift in Sources */ = {isa = PBXBuildFile; fileRef = EEC700A7069CEE4F60264318 /* OnboardingQuestionXOfYTests.swift */; };
		6746C4CED2FFC5217A1EF6FF /* HintPanelView.swift in Sources */ = {isa = PBXBuildFile; fileRef = E92A90F0ED1636988B7278FB /* HintPanelView.swift */; };
		698E66B03812406B6625AD73 /* JetBrainsMono-Regular.ttf in Resources */ = {isa = PBXBuildFile; fileRef = 1E50EE8CD2AF7059E753EEE6 /* JetBrainsMono-Regular.ttf */; };
		6C2CC1B327BAB163D14B84F7 /* HintCopy.json in Resources */ = {isa = PBXBuildFile; fileRef = 648CD2F16A53E31F71B7BD82 /* HintCopy.json */; };
		78403E2589F62D463406FC79 /* SelfRelocatorTests.swift in Sources */ = {isa = PBXBuildFile; fileRef = 0544C4D9C05213F111A16263 /* SelfRelocatorTests.swift */; };
		825F57CAB6FA252C9933EAA5 /* LicenseVerifier.swift in Sources */ = {isa = PBXBuildFile; fileRef = A2CC753BA3079BE36F7A7CF4 /* LicenseVerifier.swift */; };
		83288FDC0ACD0A451D7984C8 /* JetBrainsMono-Medium.ttf in Resources */ = {isa = PBXBuildFile; fileRef = A7BB29D9449120BC392EE586 /* JetBrainsMono-Medium.ttf */; };
		83883A656ED24A60576FD5A0 /* AuthorizationHelper.swift in Sources */ = {isa = PBXBuildFile; fileRef = F096DE1EF195479F3854214B /* AuthorizationHelper.swift */; };
		85A41D89844382060889D680 /* OstlerLog.swift in Sources */ = {isa = PBXBuildFile; fileRef = E184CCE1D3B1AD5BA23B1321 /* OstlerLog.swift */; };
		868BCD8B2726182CE4DF212B /* IBMPlexSans-SemiBold.ttf in Resources */ = {isa = PBXBuildFile; fileRef = 64CD3CA6555E4C9E1165A157 /* IBMPlexSans-SemiBold.ttf */; };
		8BDA08160BDF8F7A4F3B006D /* OnboardingQuestionViewSnapshotTests.swift in Sources */ = {isa = PBXBuildFile; fileRef = 091F620E783EA78D7DCFED68 /* OnboardingQuestionViewSnapshotTests.swift */; };
		8E811455DED8C1926109DA01 /* SidebarView.swift in Sources */ = {isa = PBXBuildFile; fileRef = D93788700DA6F1729EFEB460 /* SidebarView.swift */; };
		92D0810458C9C7ADF1CE4583 /* DeviceRegistration.swift in Sources */ = {isa = PBXBuildFile; fileRef = 578EA8428F05B39C8652C7CA /* DeviceRegistration.swift */; };
		9518827AC07902091C0940C0 /* OstlerTheme.swift in Sources */ = {isa = PBXBuildFile; fileRef = 290A4E2AACD1F8BA2DABFE13 /* OstlerTheme.swift */; };
		98C877552A588390D0F9D15B /* ViewCopy.json in Resources */ = {isa = PBXBuildFile; fileRef = 143B97F50F4AF5CC13BFCECB /* ViewCopy.json */; };
		9C3E96E7F3BD676C8BFF552B /* DeviceLimitReachedView.swift in Sources */ = {isa = PBXBuildFile; fileRef = 1BF3014DBC9CAECCD4EBBD90 /* DeviceLimitReachedView.swift */; };
		9D4F4FAFE6D88FFBBBABAD08 /* ViewCopy.swift in Sources */ = {isa = PBXBuildFile; fileRef = AA415C1B21A151B849E39CE1 /* ViewCopy.swift */; };
		A24306F6E5743370D87800DF /* OnboardingQuestionView.swift in Sources */ = {isa = PBXBuildFile; fileRef = DD18ABF66EF05A82075CC66C /* OnboardingQuestionView.swift */; };
		A3CA9AD2EA0BD7D8E503F6F7 /* LogDrawerView.swift in Sources */ = {isa = PBXBuildFile; fileRef = 0B00C2C51EF6CA0F9AAC4D24 /* LogDrawerView.swift */; };
		A3E91202774BD111B0AB1AEA /* HardwareFingerprintTests.swift in Sources */ = {isa = PBXBuildFile; fileRef = FE7A7D5DC9570D6ADC808110 /* HardwareFingerprintTests.swift */; };
		A4DFFC3D202122DC0660BDB5 /* App.swift in Sources */ = {isa = PBXBuildFile; fileRef = EF64A6B46A3BD66D6097C846 /* App.swift */; };
		ADBBDF0DAD4432CA6B0113AC /* SidebarPhaseAdvanceTests.swift in Sources */ = {isa = PBXBuildFile; fileRef = 58B578E0EB7E75E94715663D /* SidebarPhaseAdvanceTests.swift */; };
		D1A8224D1913FCF3B71938F9 /* LicenseEntryShortIdHeuristicTests.swift in Sources */ = {isa = PBXBuildFile; fileRef = BF7245F438452C4256C70950 /* LicenseEntryShortIdHeuristicTests.swift */; };
		D332D6613EB2B64A6CD3F16E /* LogDrawerFormatTests.swift in Sources */ = {isa = PBXBuildFile; fileRef = 411CD9CA29EB6C5DE703956F /* LogDrawerFormatTests.swift */; };
		D7744170BE41B01FB10042A9 /* LicensePersistence.swift in Sources */ = {isa = PBXBuildFile; fileRef = F7E6CE9C7446E8D37F19010D /* LicensePersistence.swift */; };
		E03DD536A682B3269BAB3727 /* Outfit-Medium.ttf in Resources */ = {isa = PBXBuildFile; fileRef = 40B3FBFC7DF22BBAA50C76B2 /* Outfit-Medium.ttf */; };
		E276D8572DB30C132C431CCA /* FingerprintStateTests.swift in Sources */ = {isa = PBXBuildFile; fileRef = 59004E0EEBFBD192430CB5F7 /* FingerprintStateTests.swift */; };
		E2CE1F91FCB16D383072563C /* LicenseEntryView.swift in Sources */ = {isa = PBXBuildFile; fileRef = 6B8D915A5F4F7C5D470DE627 /* LicenseEntryView.swift */; };
		E4167BB8AF02DBB95D688811 /* LicenseVerifierTests.swift in Sources */ = {isa = PBXBuildFile; fileRef = 49E6B2DE1EC06DA03AC2E651 /* LicenseVerifierTests.swift */; };
		E5316E9CFE905AC4CFFAA6C0 /* Outfit-Bold.ttf in Resources */ = {isa = PBXBuildFile; fileRef = 7872CDF57A4C636DE0B8BAB0 /* Outfit-Bold.ttf */; };
		E645DB417FE085A54F3474A7 /* FullDiskAccessSheet.swift in Sources */ = {isa = PBXBuildFile; fileRef = E26BE783EE21FCA4A614C436 /* FullDiskAccessSheet.swift */; };
		F19AE79E344ACE0E6AF84DFF /* ContentView.swift in Sources */ = {isa = PBXBuildFile; fileRef = E4C1249B5BB363F304334F02 /* ContentView.swift */; };
		FD38E03D6747678A211F1814 /* SelfRelocator.swift in Sources */ = {isa = PBXBuildFile; fileRef = BB6E0C82EBC47A0879ABDF6F /* SelfRelocator.swift */; };
/* End PBXBuildFile section */

/* Begin PBXContainerItemProxy section */
		E4B114C98440942ED6E43582 /* PBXContainerItemProxy */ = {
			isa = PBXContainerItemProxy;
			containerPortal = BFE252117648CBD7A2B7131F /* Project object */;
			proxyType = 1;
			remoteGlobalIDString = 26396ABC7C59F0222CB05FE6;
			remoteInfo = OstlerInstaller;
		};
/* End PBXContainerItemProxy section */

/* Begin PBXFileReference section */
		0544C4D9C05213F111A16263 /* SelfRelocatorTests.swift */ = {isa = PBXFileReference; lastKnownFileType = sourcecode.swift; path = SelfRelocatorTests.swift; sourceTree = "<group>"; };
		08A68D9D961170201BC0E5A7 /* StepCatalog.swift */ = {isa = PBXFileReference; lastKnownFileType = sourcecode.swift; path = StepCatalog.swift; sourceTree = "<group>"; };
		091F620E783EA78D7DCFED68 /* OnboardingQuestionViewSnapshotTests.swift */ = {isa = PBXFileReference; lastKnownFileType = sourcecode.swift; path = OnboardingQuestionViewSnapshotTests.swift; sourceTree = "<group>"; };
		0A8FE4423B311BB14298C94D /* Outfit-Regular.ttf */ = {isa = PBXFileReference; lastKnownFileType = file; path = "Outfit-Regular.ttf"; sourceTree = "<group>"; };
		0B00C2C51EF6CA0F9AAC4D24 /* LogDrawerView.swift */ = {isa = PBXFileReference; lastKnownFileType = sourcecode.swift; path = LogDrawerView.swift; sourceTree = "<group>"; };
		143B97F50F4AF5CC13BFCECB /* ViewCopy.json */ = {isa = PBXFileReference; lastKnownFileType = text.json; path = ViewCopy.json; sourceTree = "<group>"; };
		1BF3014DBC9CAECCD4EBBD90 /* DeviceLimitReachedView.swift */ = {isa = PBXFileReference; lastKnownFileType = sourcecode.swift; path = DeviceLimitReachedView.swift; sourceTree = "<group>"; };
		1E50EE8CD2AF7059E753EEE6 /* JetBrainsMono-Regular.ttf */ = {isa = PBXFileReference; lastKnownFileType = file; path = "JetBrainsMono-Regular.ttf"; sourceTree = "<group>"; };
		290A4E2AACD1F8BA2DABFE13 /* OstlerTheme.swift */ = {isa = PBXFileReference; lastKnownFileType = sourcecode.swift; path = OstlerTheme.swift; sourceTree = "<group>"; };
		38CF88E41D08067999FC9583 /* IBMPlexSans-Regular.ttf */ = {isa = PBXFileReference; lastKnownFileType = file; path = "IBMPlexSans-Regular.ttf"; sourceTree = "<group>"; };
		3B3A82C28A40E6D64666C5A3 /* DeviceRegistrationClientTests.swift */ = {isa = PBXFileReference; lastKnownFileType = sourcecode.swift; path = DeviceRegistrationClientTests.swift; sourceTree = "<group>"; };
		40241AAA50AAB3FC5CE4B5A8 /* AdminAuthorizationGateTests.swift */ = {isa = PBXFileReference; lastKnownFileType = sourcecode.swift; path = AdminAuthorizationGateTests.swift; sourceTree = "<group>"; };
		40B3FBFC7DF22BBAA50C76B2 /* Outfit-Medium.ttf */ = {isa = PBXFileReference; lastKnownFileType = file; path = "Outfit-Medium.ttf"; sourceTree = "<group>"; };
		411CD9CA29EB6C5DE703956F /* LogDrawerFormatTests.swift */ = {isa = PBXFileReference; lastKnownFileType = sourcecode.swift; path = LogDrawerFormatTests.swift; sourceTree = "<group>"; };
		49E6B2DE1EC06DA03AC2E651 /* LicenseVerifierTests.swift */ = {isa = PBXFileReference; lastKnownFileType = sourcecode.swift; path = LicenseVerifierTests.swift; sourceTree = "<group>"; };
		578EA8428F05B39C8652C7CA /* DeviceRegistration.swift */ = {isa = PBXFileReference; lastKnownFileType = sourcecode.swift; path = DeviceRegistration.swift; sourceTree = "<group>"; };
		58B578E0EB7E75E94715663D /* SidebarPhaseAdvanceTests.swift */ = {isa = PBXFileReference; lastKnownFileType = sourcecode.swift; path = SidebarPhaseAdvanceTests.swift; sourceTree = "<group>"; };
		59004E0EEBFBD192430CB5F7 /* FingerprintStateTests.swift */ = {isa = PBXFileReference; lastKnownFileType = sourcecode.swift; path = FingerprintStateTests.swift; sourceTree = "<group>"; };
		5BD159481AED14E0F2873891 /* OstlerInstaller.app */ = {isa = PBXFileReference; explicitFileType = wrapper.application; includeInIndex = 0; path = OstlerInstaller.app; sourceTree = BUILT_PRODUCTS_DIR; };
		5D8C12F6029BAB9DEDF5EAD8 /* OstlerInstaller.entitlements */ = {isa = PBXFileReference; lastKnownFileType = text.plist.entitlements; path = OstlerInstaller.entitlements; sourceTree = "<group>"; };
		61C44A9C151DC4ED7850E818 /* Outfit-SemiBold.ttf */ = {isa = PBXFileReference; lastKnownFileType = file; path = "Outfit-SemiBold.ttf"; sourceTree = "<group>"; };
		648CD2F16A53E31F71B7BD82 /* HintCopy.json */ = {isa = PBXFileReference; lastKnownFileType = text.json; path = HintCopy.json; sourceTree = "<group>"; };
		64CD3CA6555E4C9E1165A157 /* IBMPlexSans-SemiBold.ttf */ = {isa = PBXFileReference; lastKnownFileType = file; path = "IBMPlexSans-SemiBold.ttf"; sourceTree = "<group>"; };
		65879092ECF508D853DE6727 /* IBMPlexSans-Medium.ttf */ = {isa = PBXFileReference; lastKnownFileType = file; path = "IBMPlexSans-Medium.ttf"; sourceTree = "<group>"; };
		6B8D915A5F4F7C5D470DE627 /* LicenseEntryView.swift */ = {isa = PBXFileReference; lastKnownFileType = sourcecode.swift; path = LicenseEntryView.swift; sourceTree = "<group>"; };
		7872CDF57A4C636DE0B8BAB0 /* Outfit-Bold.ttf */ = {isa = PBXFileReference; lastKnownFileType = file; path = "Outfit-Bold.ttf"; sourceTree = "<group>"; };
		7BE0CF828CCF9ED9B1E1129C /* HardwareFingerprint.swift */ = {isa = PBXFileReference; lastKnownFileType = sourcecode.swift; path = HardwareFingerprint.swift; sourceTree = "<group>"; };
		7EC2E5CA6E396F6D43EF3FED /* Info.plist */ = {isa = PBXFileReference; lastKnownFileType = text.plist; path = Info.plist; sourceTree = "<group>"; };
		87045089A04409A175F1AD96 /* LicensePersistenceTests.swift */ = {isa = PBXFileReference; lastKnownFileType = sourcecode.swift; path = LicensePersistenceTests.swift; sourceTree = "<group>"; };
		88EEF0A1E14468F9B99A6663 /* ProgressDecoderTests.swift */ = {isa = PBXFileReference; lastKnownFileType = sourcecode.swift; path = ProgressDecoderTests.swift; sourceTree = "<group>"; };
		8D51C5C78001404B9496EC66 /* OstlerInstallerTests.xctest */ = {isa = PBXFileReference; explicitFileType = wrapper.cfbundle; includeInIndex = 0; path = OstlerInstallerTests.xctest; sourceTree = BUILT_PRODUCTS_DIR; };
		8F30F204F6FC5AB19BC84461 /* ProgressProtocol.swift */ = {isa = PBXFileReference; lastKnownFileType = sourcecode.swift; path = ProgressProtocol.swift; sourceTree = "<group>"; };
		9EA7B9285055EFB24937AA9A /* Assets.xcassets */ = {isa = PBXFileReference; lastKnownFileType = folder.assetcatalog; path = Assets.xcassets; sourceTree = "<group>"; };
		A2CC753BA3079BE36F7A7CF4 /* LicenseVerifier.swift */ = {isa = PBXFileReference; lastKnownFileType = sourcecode.swift; path = LicenseVerifier.swift; sourceTree = "<group>"; };
		A7BB29D9449120BC392EE586 /* JetBrainsMono-Medium.ttf */ = {isa = PBXFileReference; lastKnownFileType = file; path = "JetBrainsMono-Medium.ttf"; sourceTree = "<group>"; };
		AA415C1B21A151B849E39CE1 /* ViewCopy.swift */ = {isa = PBXFileReference; lastKnownFileType = sourcecode.swift; path = ViewCopy.swift; sourceTree = "<group>"; };
		AAF575ABE11CBC6AF2FC1D3F /* InstallerCoordinator.swift */ = {isa = PBXFileReference; lastKnownFileType = sourcecode.swift; path = InstallerCoordinator.swift; sourceTree = "<group>"; };
		BB6E0C82EBC47A0879ABDF6F /* SelfRelocator.swift */ = {isa = PBXFileReference; lastKnownFileType = sourcecode.swift; path = SelfRelocator.swift; sourceTree = "<group>"; };
		BC0E7514B707DAC348288C34 /* OFL.txt */ = {isa = PBXFileReference; lastKnownFileType = text; path = OFL.txt; sourceTree = "<group>"; };
		BF7245F438452C4256C70950 /* LicenseEntryShortIdHeuristicTests.swift */ = {isa = PBXFileReference; lastKnownFileType = sourcecode.swift; path = LicenseEntryShortIdHeuristicTests.swift; sourceTree = "<group>"; };
		D32D456A934ED46ACD089EF7 /* FingerprintState.swift */ = {isa = PBXFileReference; lastKnownFileType = sourcecode.swift; path = FingerprintState.swift; sourceTree = "<group>"; };
		D93788700DA6F1729EFEB460 /* SidebarView.swift */ = {isa = PBXFileReference; lastKnownFileType = sourcecode.swift; path = SidebarView.swift; sourceTree = "<group>"; };
		DD18ABF66EF05A82075CC66C /* OnboardingQuestionView.swift */ = {isa = PBXFileReference; lastKnownFileType = sourcecode.swift; path = OnboardingQuestionView.swift; sourceTree = "<group>"; };
		E184CCE1D3B1AD5BA23B1321 /* OstlerLog.swift */ = {isa = PBXFileReference; lastKnownFileType = sourcecode.swift; path = OstlerLog.swift; sourceTree = "<group>"; };
		E26BE783EE21FCA4A614C436 /* FullDiskAccessSheet.swift */ = {isa = PBXFileReference; lastKnownFileType = sourcecode.swift; path = FullDiskAccessSheet.swift; sourceTree = "<group>"; };
		E4C1249B5BB363F304334F02 /* ContentView.swift */ = {isa = PBXFileReference; lastKnownFileType = sourcecode.swift; path = ContentView.swift; sourceTree = "<group>"; };
		E92A90F0ED1636988B7278FB /* HintPanelView.swift */ = {isa = PBXFileReference; lastKnownFileType = sourcecode.swift; path = HintPanelView.swift; sourceTree = "<group>"; };
		EEC700A7069CEE4F60264318 /* OnboardingQuestionXOfYTests.swift */ = {isa = PBXFileReference; lastKnownFileType = sourcecode.swift; path = OnboardingQuestionXOfYTests.swift; sourceTree = "<group>"; };
		EF64A6B46A3BD66D6097C846 /* App.swift */ = {isa = PBXFileReference; lastKnownFileType = sourcecode.swift; path = App.swift; sourceTree = "<group>"; };
		F096DE1EF195479F3854214B /* AuthorizationHelper.swift */ = {isa = PBXFileReference; lastKnownFileType = sourcecode.swift; path = AuthorizationHelper.swift; sourceTree = "<group>"; };
		F7E6CE9C7446E8D37F19010D /* LicensePersistence.swift */ = {isa = PBXFileReference; lastKnownFileType = sourcecode.swift; path = LicensePersistence.swift; sourceTree = "<group>"; };
		FE7A7D5DC9570D6ADC808110 /* HardwareFingerprintTests.swift */ = {isa = PBXFileReference; lastKnownFileType = sourcecode.swift; path = HardwareFingerprintTests.swift; sourceTree = "<group>"; };
		FF043F37481F3CACC3130494 /* DeviceLimitReachedViewSnapshotTests.swift */ = {isa = PBXFileReference; lastKnownFileType = sourcecode.swift; path = DeviceLimitReachedViewSnapshotTests.swift; sourceTree = "<group>"; };
/* End PBXFileReference section */

/* Begin PBXGroup section */
		1E843E2C679DF062FF8BC1D6 /* Fonts */ = {
			isa = PBXGroup;
			children = (
				65879092ECF508D853DE6727 /* IBMPlexSans-Medium.ttf */,
				38CF88E41D08067999FC9583 /* IBMPlexSans-Regular.ttf */,
				64CD3CA6555E4C9E1165A157 /* IBMPlexSans-SemiBold.ttf */,
				A7BB29D9449120BC392EE586 /* JetBrainsMono-Medium.ttf */,
				1E50EE8CD2AF7059E753EEE6 /* JetBrainsMono-Regular.ttf */,
				BC0E7514B707DAC348288C34 /* OFL.txt */,
				7872CDF57A4C636DE0B8BAB0 /* Outfit-Bold.ttf */,
				40B3FBFC7DF22BBAA50C76B2 /* Outfit-Medium.ttf */,
				0A8FE4423B311BB14298C94D /* Outfit-Regular.ttf */,
				61C44A9C151DC4ED7850E818 /* Outfit-SemiBold.ttf */,
			);
			path = Fonts;
			sourceTree = "<group>";
		};
		296BE68221AABD99A6B09E98 /* Views */ = {
			isa = PBXGroup;
			children = (
				E4C1249B5BB363F304334F02 /* ContentView.swift */,
				1BF3014DBC9CAECCD4EBBD90 /* DeviceLimitReachedView.swift */,
				E26BE783EE21FCA4A614C436 /* FullDiskAccessSheet.swift */,
				E92A90F0ED1636988B7278FB /* HintPanelView.swift */,
				6B8D915A5F4F7C5D470DE627 /* LicenseEntryView.swift */,
				0B00C2C51EF6CA0F9AAC4D24 /* LogDrawerView.swift */,
				DD18ABF66EF05A82075CC66C /* OnboardingQuestionView.swift */,
				D93788700DA6F1729EFEB460 /* SidebarView.swift */,
			);
			path = Views;
			sourceTree = "<group>";
		};
		4E9E0E7313014F0F4DB5C011 /* Theme */ = {
			isa = PBXGroup;
			children = (
				290A4E2AACD1F8BA2DABFE13 /* OstlerTheme.swift */,
			);
			path = Theme;
			sourceTree = "<group>";
		};
		70F3A6F3FB38114D1EC93F45 /* Bootstrap */ = {
			isa = PBXGroup;
			children = (
				BB6E0C82EBC47A0879ABDF6F /* SelfRelocator.swift */,
			);
			path = Bootstrap;
			sourceTree = "<group>";
		};
		7FC686951F990D23E8C912BF /* Products */ = {
			isa = PBXGroup;
			children = (
				5BD159481AED14E0F2873891 /* OstlerInstaller.app */,
				8D51C5C78001404B9496EC66 /* OstlerInstallerTests.xctest */,
			);
			name = Products;
			sourceTree = "<group>";
		};
		89CF886C4785D87342DA0608 /* OstlerInstallerTests */ = {
			isa = PBXGroup;
			children = (
				40241AAA50AAB3FC5CE4B5A8 /* AdminAuthorizationGateTests.swift */,
				FF043F37481F3CACC3130494 /* DeviceLimitReachedViewSnapshotTests.swift */,
				3B3A82C28A40E6D64666C5A3 /* DeviceRegistrationClientTests.swift */,
				59004E0EEBFBD192430CB5F7 /* FingerprintStateTests.swift */,
				FE7A7D5DC9570D6ADC808110 /* HardwareFingerprintTests.swift */,
				BF7245F438452C4256C70950 /* LicenseEntryShortIdHeuristicTests.swift */,
				87045089A04409A175F1AD96 /* LicensePersistenceTests.swift */,
				49E6B2DE1EC06DA03AC2E651 /* LicenseVerifierTests.swift */,
				411CD9CA29EB6C5DE703956F /* LogDrawerFormatTests.swift */,
				091F620E783EA78D7DCFED68 /* OnboardingQuestionViewSnapshotTests.swift */,
				EEC700A7069CEE4F60264318 /* OnboardingQuestionXOfYTests.swift */,
				88EEF0A1E14468F9B99A6663 /* ProgressDecoderTests.swift */,
				0544C4D9C05213F111A16263 /* SelfRelocatorTests.swift */,
				58B578E0EB7E75E94715663D /* SidebarPhaseAdvanceTests.swift */,
			);
			path = OstlerInstallerTests;
			sourceTree = "<group>";
		};
		B589DDE9F721ED2F0990EB0E /* Steps */ = {
			isa = PBXGroup;
			children = (
				08A68D9D961170201BC0E5A7 /* StepCatalog.swift */,
				AA415C1B21A151B849E39CE1 /* ViewCopy.swift */,
			);
			path = Steps;
			sourceTree = "<group>";
		};
		C75FEAA8301103D163767951 = {
			isa = PBXGroup;
			children = (
				F506F64F7264AEB88C7031EC /* OstlerInstaller */,
				89CF886C4785D87342DA0608 /* OstlerInstallerTests */,
				7FC686951F990D23E8C912BF /* Products */,
			);
			sourceTree = "<group>";
		};
		F449E7484435D5081F7CC53C /* Auth */ = {
			isa = PBXGroup;
			children = (
				F096DE1EF195479F3854214B /* AuthorizationHelper.swift */,
				578EA8428F05B39C8652C7CA /* DeviceRegistration.swift */,
				D32D456A934ED46ACD089EF7 /* FingerprintState.swift */,
				7BE0CF828CCF9ED9B1E1129C /* HardwareFingerprint.swift */,
				F7E6CE9C7446E8D37F19010D /* LicensePersistence.swift */,
				A2CC753BA3079BE36F7A7CF4 /* LicenseVerifier.swift */,
			);
			path = Auth;
			sourceTree = "<group>";
		};
		F506F64F7264AEB88C7031EC /* OstlerInstaller */ = {
			isa = PBXGroup;
			children = (
				EF64A6B46A3BD66D6097C846 /* App.swift */,
				9EA7B9285055EFB24937AA9A /* Assets.xcassets */,
				7EC2E5CA6E396F6D43EF3FED /* Info.plist */,
				AAF575ABE11CBC6AF2FC1D3F /* InstallerCoordinator.swift */,
				5D8C12F6029BAB9DEDF5EAD8 /* OstlerInstaller.entitlements */,
				E184CCE1D3B1AD5BA23B1321 /* OstlerLog.swift */,
				8F30F204F6FC5AB19BC84461 /* ProgressProtocol.swift */,
				F449E7484435D5081F7CC53C /* Auth */,
				70F3A6F3FB38114D1EC93F45 /* Bootstrap */,
				FE9676D0B0AB2FB88EC5C6C6 /* Resources */,
				B589DDE9F721ED2F0990EB0E /* Steps */,
				4E9E0E7313014F0F4DB5C011 /* Theme */,
				296BE68221AABD99A6B09E98 /* Views */,
			);
			path = OstlerInstaller;
			sourceTree = "<group>";
		};
		FE9676D0B0AB2FB88EC5C6C6 /* Resources */ = {
			isa = PBXGroup;
			children = (
				648CD2F16A53E31F71B7BD82 /* HintCopy.json */,
				143B97F50F4AF5CC13BFCECB /* ViewCopy.json */,
				1E843E2C679DF062FF8BC1D6 /* Fonts */,
			);
			path = Resources;
			sourceTree = "<group>";
		};
/* End PBXGroup section */

/* Begin PBXNativeTarget section */
		0CAFCBCDD4B741A744827019 /* OstlerInstallerTests */ = {
			isa = PBXNativeTarget;
			buildConfigurationList = 7EF033C85923020A3AF7362B /* Build configuration list for PBXNativeTarget "OstlerInstallerTests" */;
			buildPhases = (
				593D5D57244AD79B82D0C30B /* Sources */,
			);
			buildRules = (
			);
			dependencies = (
				4271D582E6FE03802199824F /* PBXTargetDependency */,
			);
			name = OstlerInstallerTests;
			packageProductDependencies = (
			);
			productName = OstlerInstallerTests;
			productReference = 8D51C5C78001404B9496EC66 /* OstlerInstallerTests.xctest */;
			productType = "com.apple.product-type.bundle.unit-test";
		};
		26396ABC7C59F0222CB05FE6 /* OstlerInstaller */ = {
			isa = PBXNativeTarget;
			buildConfigurationList = ED6DB04F95A5252A16CE07C2 /* Build configuration list for PBXNativeTarget "OstlerInstaller" */;
			buildPhases = (
				573FCA21A33278A6BA0D6D15 /* Sources */,
				BC061E46C88E5D80D0115AEC /* Resources */,
				B05A6772681A0E319F17F3D6 /* Organise brand fonts into Fonts/ subdir for ATSApplicationFontsPath */,
				E8055234B2510AED4647E6D1 /* Bundle install.sh + lib/progress_emitter.sh + strings catalogue into Resources */,
				FE78DA1D8EB63C964F15FE8B /* Bundle ostler_security Python package into Resources */,
				078B7A5A7C496CE2D7733D64 /* Bundle ostler_fda Python package into Resources */,
				A594C4AF71E56E7417E3B57B /* Bundle Doctor agent into Resources */,
				C385DEDE2C9C61AC3FC0B48F /* Bundle hub_power scripts into Resources */,
				ED9B7924786866EDDAFDA889 /* Bundle cm024_knowledge Python package into Resources */,
				9B8F90A2E521E6DF95215A4B /* Bundle CM048 conversation pipeline into Resources */,
				8B212FDD503AEE6AABE388D8 /* Bundle CM041 PWG People Graph (contact_syncer + assistant_api) into Resources */,
				0FDB71A02154DF6BAC5B2AED /* Strip xattrs from .app bundle (pre-CodeSign hygiene) */,
			);
			buildRules = (
			);
			dependencies = (
			);
			name = OstlerInstaller;
			packageProductDependencies = (
			);
			productName = OstlerInstaller;
			productReference = 5BD159481AED14E0F2873891 /* OstlerInstaller.app */;
			productType = "com.apple.product-type.application";
		};
/* End PBXNativeTarget section */

/* Begin PBXProject section */
		BFE252117648CBD7A2B7131F /* Project object */ = {
			isa = PBXProject;
			attributes = {
				BuildIndependentTargetsInParallel = YES;
				LastUpgradeCheck = 1430;
				TargetAttributes = {
					0CAFCBCDD4B741A744827019 = {
						DevelopmentTeam = V95N2B8X7A;
						ProvisioningStyle = Manual;
					};
					26396ABC7C59F0222CB05FE6 = {
						DevelopmentTeam = V95N2B8X7A;
						ProvisioningStyle = Manual;
					};
				};
			};
			buildConfigurationList = 83F8F40CF92AC5C4B89FB32F /* Build configuration list for PBXProject "OstlerInstaller" */;
			compatibilityVersion = "Xcode 14.0";
			developmentRegion = en;
			hasScannedForEncodings = 0;
			knownRegions = (
				Base,
				en,
			);
			mainGroup = C75FEAA8301103D163767951;
			minimizedProjectReferenceProxies = 1;
			preferredProjectObjectVersion = 77;
			projectDirPath = "";
			projectRoot = "";
			targets = (
				26396ABC7C59F0222CB05FE6 /* OstlerInstaller */,
				0CAFCBCDD4B741A744827019 /* OstlerInstallerTests */,
			);
		};
/* End PBXProject section */

/* Begin PBXResourcesBuildPhase section */
		BC061E46C88E5D80D0115AEC /* Resources */ = {
			isa = PBXResourcesBuildPhase;
			buildActionMask = 2147483647;
			files = (
				1C0CC5EED1EDDEDE6E62BDCD /* Assets.xcassets in Resources */,
				6C2CC1B327BAB163D14B84F7 /* HintCopy.json in Resources */,
				1C7B2F24D57A40800C9D9BE3 /* IBMPlexSans-Medium.ttf in Resources */,
				66A0343A50F3D01C5CF42933 /* IBMPlexSans-Regular.ttf in Resources */,
				868BCD8B2726182CE4DF212B /* IBMPlexSans-SemiBold.ttf in Resources */,
				83288FDC0ACD0A451D7984C8 /* JetBrainsMono-Medium.ttf in Resources */,
				698E66B03812406B6625AD73 /* JetBrainsMono-Regular.ttf in Resources */,
				04D973B9B26B7BD22BE77086 /* OFL.txt in Resources */,
				E5316E9CFE905AC4CFFAA6C0 /* Outfit-Bold.ttf in Resources */,
				E03DD536A682B3269BAB3727 /* Outfit-Medium.ttf in Resources */,
				4053CDA189BD519216F95530 /* Outfit-Regular.ttf in Resources */,
				35F58AE80A7E5EDE1D91C87A /* Outfit-SemiBold.ttf in Resources */,
				98C877552A588390D0F9D15B /* ViewCopy.json in Resources */,
			);
			runOnlyForDeploymentPostprocessing = 0;
		};
/* End PBXResourcesBuildPhase section */

/* Begin PBXShellScriptBuildPhase section */
		078B7A5A7C496CE2D7733D64 /* Bundle ostler_fda Python package into Resources */ = {
			isa = PBXShellScriptBuildPhase;
			buildActionMask = 2147483647;
			files = (
			);
			inputFileListPaths = (
			);
			inputPaths = (
				"$(SRCROOT)/../vendor/ostler_fda",
			);
			name = "Bundle ostler_fda Python package into Resources";
			outputFileListPaths = (
			);
			outputPaths = (
				"$(TARGET_BUILD_DIR)/$(UNLOCALIZED_RESOURCES_FOLDER_PATH)/ostler_fda",
			);
			runOnlyForDeploymentPostprocessing = 0;
			shellPath = /bin/sh;
			shellScript = "set -euo pipefail\nVENDOR_SRC=\"${SRCROOT}/../vendor/ostler_fda\"\nif [ ! -d \"${VENDOR_SRC}\" ]; then\n    echo \"error: vendor/ostler_fda/ is missing.\" >&2\n    exit 1\nfi\nDEST=\"${TARGET_BUILD_DIR}/${UNLOCALIZED_RESOURCES_FOLDER_PATH}\"\nmkdir -p \"${DEST}/ostler_fda\"\ncp -R \"${VENDOR_SRC}/.\" \"${DEST}/ostler_fda/\"\n/usr/bin/xattr -cr \"${DEST}/ostler_fda\"\n";
		};
		0FDB71A02154DF6BAC5B2AED /* Strip xattrs from .app bundle (pre-CodeSign hygiene) */ = {
			isa = PBXShellScriptBuildPhase;
			buildActionMask = 2147483647;
			files = (
			);
			inputFileListPaths = (
			);
			inputPaths = (
			);
			name = "Strip xattrs from .app bundle (pre-CodeSign hygiene)";
			outputFileListPaths = (
			);
			outputPaths = (
			);
			runOnlyForDeploymentPostprocessing = 0;
			shellPath = /bin/sh;
			shellScript = "set -euo pipefail\n# Belt-and-braces: even if a previous build phase or a `cp -p`\n# somewhere else left FinderInfo / provenance / macl xattrs on\n# the staged bundle, strip them recursively before the final\n# CodeSign step runs. codesign rejects bundles with any xattrs\n# (\"resource fork, Finder information, or similar detritus not\n# allowed\") and this is the canonical fix.\nAPP_BUNDLE=\"${TARGET_BUILD_DIR}/${WRAPPER_NAME}\"\nif [ -d \"${APP_BUNDLE}\" ]; then\n  /usr/bin/xattr -cr \"${APP_BUNDLE}\"\nfi\n";
		};
		8B212FDD503AEE6AABE388D8 /* Bundle CM041 PWG People Graph (contact_syncer + assistant_api) into Resources */ = {
			isa = PBXShellScriptBuildPhase;
			buildActionMask = 2147483647;
			files = (
			);
			inputFileListPaths = (
			);
			inputPaths = (
			);
			name = "Bundle CM041 PWG People Graph (contact_syncer + assistant_api) into Resources";
			outputFileListPaths = (
			);
			outputPaths = (
			);
			runOnlyForDeploymentPostprocessing = 0;
			shellPath = /bin/sh;
			shellScript = "set -euo pipefail\n# The CM041 PWG People Graph repo ships two productised assets:\n#   - contact_syncer/  Python package, runs the GDPR import\n#                      pipeline. install.sh §3.10 looks for it\n#                      at \"${SCRIPT_DIR}/contact_syncer\" (i.e.\n#                      Contents/Resources/contact_syncer/ when\n#                      install.sh runs from inside the .app),\n#                      copies it to ${OSTLER_DIR}/import-pipeline/,\n#                      and invokes\n#                      .venv/bin/python -m contact_syncer.import_all.\n#   - assistant_api/   ical-server.py (the local API on :8089)\n#                      + its companion docs. Installed by a\n#                      later install.sh phase that wires it\n#                      as a launchd agent.\n#\n# CRITICAL bundle layout: both subdirs MUST live at the\n# Resources root (NOT under a vendor/cm041/ wrapper) because\n# install.sh's path checks (lines 4196 onward + 4245) hard-code\n# the unwrapped paths. Don't introduce a vendor/cm041/ subdir\n# at install-time; copy the CONTENTS of vendor/cm041/ directly.\n#\n# `cp -R` without -p so source xattrs (com.apple.provenance,\n# com.apple.macl on Sonoma+) don't propagate into the .app\n# bundle. The subsequent \"Strip xattrs\" phase is a belt-and-\n# braces second pass over the whole bundle.\nDEST=\"${TARGET_BUILD_DIR}/${UNLOCALIZED_RESOURCES_FOLDER_PATH}\"\nVENDOR_ROOT=\"${SRCROOT}/../vendor/cm041\"\nif [ ! -d \"${VENDOR_ROOT}/contact_syncer\" ] || [ ! -d \"${VENDOR_ROOT}/assistant_api\" ]; then\n  echo \"error: vendor/cm041/ missing contact_syncer/ or assistant_api/.\" >&2\n  echo \"       Expected: ${VENDOR_ROOT}/contact_syncer + ${VENDOR_ROOT}/assistant_api\" >&2\n  echo \"       Re-sync from the CM041 PWG People Graph repo.\" >&2\n  exit 1\nfi\n# Remove any stale prior copy. Build phases run incrementally\n# so without this step a vendor-syncer rename or delete would\n# leave the old tree in place.\nrm -rf \"${DEST}/contact_syncer\" \"${DEST}/assistant_api\"\ncp -R \"${VENDOR_ROOT}/contact_syncer\" \"${DEST}/contact_syncer\"\ncp -R \"${VENDOR_ROOT}/assistant_api\"  \"${DEST}/assistant_api\"\n/usr/bin/xattr -cr \"${DEST}/contact_syncer\" \"${DEST}/assistant_api\"\n# ical-server.py is executable on the operator instance via\n# `python ical-server.py`, not chmod +x, so we don't toggle\n# the mode here. requirements.txt + .env.example land 644.\n";
		};
		9B8F90A2E521E6DF95215A4B /* Bundle CM048 conversation pipeline into Resources */ = {
			isa = PBXShellScriptBuildPhase;
			buildActionMask = 2147483647;
			files = (
			);
			inputFileListPaths = (
			);
			inputPaths = (
				"$(SRCROOT)/../vendor/cm048_pipeline",
			);
			name = "Bundle CM048 conversation pipeline into Resources";
			outputFileListPaths = (
			);
			outputPaths = (
				"$(TARGET_BUILD_DIR)/$(UNLOCALIZED_RESOURCES_FOLDER_PATH)/cm048_pipeline",
			);
			runOnlyForDeploymentPostprocessing = 0;
			shellPath = /bin/sh;
			shellScript = "set -euo pipefail\n# install.sh phase 3.10b probes ${SCRIPT_DIR}/cm048_pipeline/\n# to discover the vendored Python package, then sets up a\n# dedicated venv under ${OSTLER_DIR}/services/cm048/ and\n# symlinks the pwg-convo CLI into /usr/local/bin/.\n#\n# For the .app code path, SCRIPT_DIR is Contents/Resources\n# at install time, so the package must land at\n# Contents/Resources/cm048_pipeline/. Without this bundling\n# the install.sh probe fails and the conversation pipeline\n# is unavailable on the customer Mac (or the install\n# hard-fails when --allow-plaintext is not set).\n#\n# Companion to PR #115 (ostler_security): same vendoring\n# discipline, different upstream (CM048 source-of-truth\n# lives at ../CM048\\ -\\ PWG\\ Conversation\\ Processing/).\nDEST=\"${TARGET_BUILD_DIR}/${UNLOCALIZED_RESOURCES_FOLDER_PATH}\"\nSRC=\"${SRCROOT}/../vendor/cm048_pipeline\"\nif [ -d \"${SRC}\" ]; then\n  echo \"Bundling cm048_pipeline from ${SRC} into Resources/\"\n  mkdir -p \"${DEST}/cm048_pipeline\"\n  # Copy WITHOUT -p so xattrs do not propagate -- codesign\n  # rejects \"resource fork, Finder information, or similar\n  # detritus\" on the staged bundle.\n  cp -R \"${SRC}/\" \"${DEST}/cm048_pipeline/\"\n  # Belt-and-braces xattr strip on the destination.\n  /usr/bin/xattr -cr \"${DEST}/cm048_pipeline\" || true\nelse\n  echo \"ERROR: vendor/cm048_pipeline not found at ${SRC}\" >&2\n  echo \"       Sync manually from CM048 -- see vendor/README.md.\" >&2\n  exit 1\nfi\n";
		};
		A594C4AF71E56E7417E3B57B /* Bundle Doctor agent into Resources */ = {
			isa = PBXShellScriptBuildPhase;
			buildActionMask = 2147483647;
			files = (
			);
			inputFileListPaths = (
			);
			inputPaths = (
				"$(SRCROOT)/../vendor/doctor/agent",
			);
			name = "Bundle Doctor agent into Resources";
			outputFileListPaths = (
			);
			outputPaths = (
				"$(TARGET_BUILD_DIR)/$(UNLOCALIZED_RESOURCES_FOLDER_PATH)/doctor/agent",
			);
			runOnlyForDeploymentPostprocessing = 0;
			shellPath = /bin/sh;
			shellScript = "set -euo pipefail\nDEST=\"${TARGET_BUILD_DIR}/${UNLOCALIZED_RESOURCES_FOLDER_PATH}\"\nSRC=\"${SRCROOT}/../vendor/doctor/agent\"\nif [ -d \"${SRC}\" ]; then\n  echo \"Bundling Doctor agent from ${SRC} into Resources/doctor/agent/\"\n  mkdir -p \"${DEST}/doctor/agent\"\n  cp -R \"${SRC}/\" \"${DEST}/doctor/agent/\"\n  /usr/bin/xattr -cr \"${DEST}/doctor\" || true\nelse\n  echo \"ERROR: vendor/doctor/agent not found at ${SRC}\" >&2\n  exit 1\nfi\n";
		};
		B05A6772681A0E319F17F3D6 /* Organise brand fonts into Fonts/ subdir for ATSApplicationFontsPath */ = {
			isa = PBXShellScriptBuildPhase;
			buildActionMask = 2147483647;
			files = (
			);
			inputFileListPaths = (
			);
			inputPaths = (
			);
			name = "Organise brand fonts into Fonts/ subdir for ATSApplicationFontsPath";
			outputFileListPaths = (
			);
			outputPaths = (
			);
			runOnlyForDeploymentPostprocessing = 0;
			shellPath = /bin/sh;
			shellScript = "set -euo pipefail\n# Info.plist sets ATSApplicationFontsPath = \"Fonts\", which tells\n# macOS to look at Contents/Resources/Fonts/ for app-specific fonts\n# to register at launch. xcodegen's default group-based resources\n# copy flattens the source Fonts/ subdir, so without this step the\n# TTFs land flat at Contents/Resources/*.ttf and macOS never finds\n# them. Every Font.custom(...) call then silently falls back to\n# system. Caught by TNM 2026-05-16 review of PR #77 (Check 6).\n# Fix: post-build, ensure Fonts/ subdir exists and move any flat\n# brand TTFs (Outfit, IBMPlexSans, JetBrainsMono) + OFL.txt into it.\nDEST=\"${TARGET_BUILD_DIR}/${UNLOCALIZED_RESOURCES_FOLDER_PATH}\"\nmkdir -p \"${DEST}/Fonts\"\nfor f in Outfit-Regular.ttf Outfit-Medium.ttf Outfit-SemiBold.ttf Outfit-Bold.ttf \\\n         IBMPlexSans-Regular.ttf IBMPlexSans-Medium.ttf IBMPlexSans-SemiBold.ttf \\\n         JetBrainsMono-Regular.ttf JetBrainsMono-Medium.ttf \\\n         OFL.txt; do\n    if [ -f \"${DEST}/${f}\" ]; then\n        mv -f \"${DEST}/${f}\" \"${DEST}/Fonts/${f}\"\n    fi\ndone\n";
		};
		C385DEDE2C9C61AC3FC0B48F /* Bundle hub_power scripts into Resources */ = {
			isa = PBXShellScriptBuildPhase;
			buildActionMask = 2147483647;
			files = (
			);
			inputFileListPaths = (
			);
			inputPaths = (
				"$(SRCROOT)/../vendor/hub_power",
			);
			name = "Bundle hub_power scripts into Resources";
			outputFileListPaths = (
			);
			outputPaths = (
				"$(TARGET_BUILD_DIR)/$(UNLOCALIZED_RESOURCES_FOLDER_PATH)/hub-power",
			);
			runOnlyForDeploymentPostprocessing = 0;
			shellPath = /bin/sh;
			shellScript = "set -euo pipefail\n# install.sh's Phase 3.14 (Hub power policy) probes\n# ${SCRIPT_DIR}/hub-power/INSTALL_SNIPPET.sh to decide\n# whether to install the hub-power LaunchAgent (battery\n# / AC / sleep / wake throttling for MacBook hubs).\n# When that probe fails the install logs an info line\n# (\"hub-power scripts not bundled with installer\") and\n# silently continues. That is fine on a Mac Mini /\n# Studio (always-on AC, watcher is a no-op anyway), but\n# on a MacBook hub it means the LaunchAgent never lands\n# and the customer's battery drains on the first trip\n# away from the wall.\n#\n# For the .app code path, SCRIPT_DIR is Contents/Resources\n# at install time, so the package must land at\n# Contents/Resources/hub-power/. Note that the on-disk\n# subdir name is \"hub-power\" (matching what install.sh\n# looks for) even though the vendor subdir is \"hub_power\"\n# (matching the directory naming convention for vendor/).\n#\n# Source of truth: HR015 - Gaming PC/hub-power/. See\n# vendor/hub_power/README.md for the sync convention.\nDEST=\"${TARGET_BUILD_DIR}/${UNLOCALIZED_RESOURCES_FOLDER_PATH}\"\nSRC=\"${SRCROOT}/../vendor/hub_power\"\nif [ -d \"${SRC}\" ]; then\n  echo \"Bundling hub_power from ${SRC} into Resources/hub-power/\"\n  mkdir -p \"${DEST}/hub-power\"\n  # Copy WITHOUT -p so xattrs do not propagate -- codesign\n  # rejects \"resource fork, Finder information, or similar\n  # detritus\" on the staged bundle.\n  cp -R \"${SRC}/\" \"${DEST}/hub-power/\"\n  # Belt-and-braces xattr strip on the destination.\n  /usr/bin/xattr -cr \"${DEST}/hub-power\" || true\n  # Re-assert executable bits on the shell scripts. The\n  # cp above should preserve them, but a `git checkout`\n  # on a case-insensitive filesystem can occasionally\n  # land without the x-bit.\n  chmod 755 \"${DEST}/hub-power/INSTALL_SNIPPET.sh\"\n  chmod 755 \"${DEST}/hub-power/bin/\"*.sh\nelse\n  echo \"ERROR: vendor/hub_power not found at ${SRC}\" >&2\n  echo \"       Run 'make vendor-sync' or sync manually from HR015 -- see vendor/hub_power/README.md.\" >&2\n  exit 1\nfi\n";
		};
		E8055234B2510AED4647E6D1 /* Bundle install.sh + lib/progress_emitter.sh + strings catalogue into Resources */ = {
			isa = PBXShellScriptBuildPhase;
			buildActionMask = 2147483647;
			files = (
			);
			inputFileListPaths = (
			);
			inputPaths = (
				"$(SRCROOT)/../install.sh",
				"$(SRCROOT)/../lib/progress_emitter.sh",
				"$(SRCROOT)/../install.sh.strings.en-GB.sh",
			);
			name = "Bundle install.sh + lib/progress_emitter.sh + strings catalogue into Resources";
			outputFileListPaths = (
			);
			outputPaths = (
				"$(TARGET_BUILD_DIR)/$(UNLOCALIZED_RESOURCES_FOLDER_PATH)/install.sh",
				"$(TARGET_BUILD_DIR)/$(UNLOCALIZED_RESOURCES_FOLDER_PATH)/lib/progress_emitter.sh",
				"$(TARGET_BUILD_DIR)/$(UNLOCALIZED_RESOURCES_FOLDER_PATH)/install.sh.strings.en-GB.sh",
			);
			runOnlyForDeploymentPostprocessing = 0;
			shellPath = /bin/sh;
			shellScript = "set -euo pipefail\nDEST=\"${TARGET_BUILD_DIR}/${UNLOCALIZED_RESOURCES_FOLDER_PATH}\"\nmkdir -p \"${DEST}/lib\"\n# Copy WITHOUT -p so we don't preserve source xattrs\n# (com.apple.provenance / com.apple.macl on Sonoma+ break codesign).\n#\n# progress_emitter.sh MUST land at ${DEST}/lib/progress_emitter.sh\n# (NOT ${DEST}/progress_emitter.sh). install.sh's source\n# resolution looks at \"${SCRIPT_DIR}/lib/progress_emitter.sh\"\n# first -- when install.sh runs from inside the .app,\n# SCRIPT_DIR is Contents/Resources so the lib/ subfolder is\n# mandatory. Pre-2026-05-13 this was bundled flat at\n# ${DEST}/progress_emitter.sh which caused the chicken-and-egg\n# fallback hang Andy hit on Mac Studio. Fix tracked in\n# HR015/launch/TNM_BRIEF_INSTALL_SH_PROGRESS_EMITTER_BOOTSTRAP_2026-05-13.md.\n#\n# install.sh.strings.en-GB.sh is the Rule 0.9 i18n catalogue.\n# install.sh sources it via ${SCRIPT_DIR}/install.sh.strings.${OSTLER_LANG}.sh\n# with en-GB fallback (install.sh:510-523), and hard-exits if missing.\n# Must be bundled flat alongside install.sh in Resources.\ncp \"${SRCROOT}/../install.sh\"                          \"${DEST}/install.sh\"\ncp \"${SRCROOT}/../lib/progress_emitter.sh\"             \"${DEST}/lib/progress_emitter.sh\"\ncp \"${SRCROOT}/../install.sh.strings.en-GB.sh\"         \"${DEST}/install.sh.strings.en-GB.sh\"\nchmod 755 \"${DEST}/install.sh\" \"${DEST}/lib/progress_emitter.sh\"\nchmod 644 \"${DEST}/install.sh.strings.en-GB.sh\"\n";
		};
		ED9B7924786866EDDAFDA889 /* Bundle cm024_knowledge Python package into Resources */ = {
			isa = PBXShellScriptBuildPhase;
			buildActionMask = 2147483647;
			files = (
			);
			inputFileListPaths = (
			);
			inputPaths = (
				"$(SRCROOT)/../vendor/cm024_knowledge/pyproject.toml",
				"$(SRCROOT)/../vendor/cm024_knowledge/requirements.txt",
				"$(SRCROOT)/../vendor/cm024_knowledge/src/cli.py",
			);
			name = "Bundle cm024_knowledge Python package into Resources";
			outputFileListPaths = (
			);
			outputPaths = (
				"$(TARGET_BUILD_DIR)/$(UNLOCALIZED_RESOURCES_FOLDER_PATH)/cm024_knowledge/pyproject.toml",
				"$(TARGET_BUILD_DIR)/$(UNLOCALIZED_RESOURCES_FOLDER_PATH)/cm024_knowledge/src/cli.py",
			);
			runOnlyForDeploymentPostprocessing = 0;
			shellPath = /bin/sh;
			shellScript = "set -euo pipefail\n# Vendor the CM024 Knowledge service (ostler-knowledge CLI)\n# into the signed .app so install.sh Phase 3.13b can pip-\n# install it into the customer venv without a network clone.\n# Pre-2026-05-21 the Knowledge service path was clone-only\n# (PWG_KNOWLEDGE_REPO env override); without an override the\n# install logged \"Knowledge service not installed\" and the\n# Doctor \"Import Evernote\" surface would later show \"service\n# unavailable\" when the feature flag is flipped on.\n#\n# Customer-facing primarily for Evernote import (Doctor UI,\n# feature-flagged OFF at v1.0; flipped on for v1.1). The CLI\n# install path is NOT flag-gated -- the binary is always\n# installed; the flag only controls UI visibility.\n#\n# Mirror of the ostler_security + ostler_fda vendor patterns\n# (PRs #115 + #116).\n#\n# Hard-fail if the vendor dir is missing so a forgotten\n# vendor-sync surfaces at build time, not at install time.\nVENDOR_SRC=\"${SRCROOT}/../vendor/cm024_knowledge\"\nif [ ! -d \"${VENDOR_SRC}\" ]; then\n    echo \"error: vendor/cm024_knowledge/ is missing.\" >&2\n    echo \"error: see vendor/README.md for the manual sync recipe.\" >&2\n    echo \"error: the customer-install path pip-installs ostler-knowledge\" >&2\n    echo \"error: from Contents/Resources/cm024_knowledge/. Refusing to build\" >&2\n    echo \"error: a .app that would silently skip the Knowledge service install.\" >&2\n    exit 1\nfi\nDEST=\"${TARGET_BUILD_DIR}/${UNLOCALIZED_RESOURCES_FOLDER_PATH}\"\nmkdir -p \"${DEST}/cm024_knowledge\"\n# Copy WITHOUT -p so we do not preserve source xattrs\n# (com.apple.provenance / com.apple.macl on Sonoma+ break\n# codesign). The trailing /. on the source copies the dir\n# contents (not the dir itself) into ${DEST}/cm024_knowledge/.\ncp -R \"${VENDOR_SRC}/.\" \"${DEST}/cm024_knowledge/\"\n# Strip any __pycache__ that snuck in from a developer\n# checkout. pip-install does not need them and they bloat\n# the codesigned bundle.\nfind \"${DEST}/cm024_knowledge\" -type d -name __pycache__ -exec rm -rf {} + 2>/dev/null || true\nfind \"${DEST}/cm024_knowledge\" -type f -name \"*.pyc\" -delete 2>/dev/null || true\n# Belt-and-braces xattr strip on the package (the bundle-\n# wide xattr -cr in the next phase repeats this, but doing\n# it here keeps the per-phase output clean).\n/usr/bin/xattr -cr \"${DEST}/cm024_knowledge\"\n";
		};
		FE78DA1D8EB63C964F15FE8B /* Bundle ostler_security Python package into Resources */ = {
			isa = PBXShellScriptBuildPhase;
			buildActionMask = 2147483647;
			files = (
			);
			inputFileListPaths = (
			);
			inputPaths = (
				"$(SRCROOT)/../vendor/ostler_security",
			);
			name = "Bundle ostler_security Python package into Resources";
			outputFileListPaths = (
			);
			outputPaths = (
				"$(TARGET_BUILD_DIR)/$(UNLOCALIZED_RESOURCES_FOLDER_PATH)/ostler_security",
			);
			runOnlyForDeploymentPostprocessing = 0;
			shellPath = /bin/sh;
			shellScript = "set -euo pipefail\nDEST=\"${TARGET_BUILD_DIR}/${UNLOCALIZED_RESOURCES_FOLDER_PATH}\"\nSRC=\"${SRCROOT}/../vendor/ostler_security\"\nif [ -d \"${SRC}\" ]; then\n  echo \"Bundling ostler_security from ${SRC} into Resources/\"\n  mkdir -p \"${DEST}/ostler_security\"\n  cp -R \"${SRC}/\" \"${DEST}/ostler_security/\"\n  /usr/bin/xattr -cr \"${DEST}/ostler_security\" || true\nelse\n  echo \"ERROR: vendor/ostler_security not found at ${SRC}\" >&2\n  exit 1\nfi\n";
		};
/* End PBXShellScriptBuildPhase section */

/* Begin PBXSourcesBuildPhase section */
		573FCA21A33278A6BA0D6D15 /* Sources */ = {
			isa = PBXSourcesBuildPhase;
			buildActionMask = 2147483647;
			files = (
				A4DFFC3D202122DC0660BDB5 /* App.swift in Sources */,
				83883A656ED24A60576FD5A0 /* AuthorizationHelper.swift in Sources */,
				F19AE79E344ACE0E6AF84DFF /* ContentView.swift in Sources */,
				9C3E96E7F3BD676C8BFF552B /* DeviceLimitReachedView.swift in Sources */,
				92D0810458C9C7ADF1CE4583 /* DeviceRegistration.swift in Sources */,
				135D1027BD0F3B4762310C2D /* FingerprintState.swift in Sources */,
				E645DB417FE085A54F3474A7 /* FullDiskAccessSheet.swift in Sources */,
				51E255E2F487381E460923C0 /* HardwareFingerprint.swift in Sources */,
				6746C4CED2FFC5217A1EF6FF /* HintPanelView.swift in Sources */,
				12ECCC78BC04865699AF3802 /* InstallerCoordinator.swift in Sources */,
				E2CE1F91FCB16D383072563C /* LicenseEntryView.swift in Sources */,
				D7744170BE41B01FB10042A9 /* LicensePersistence.swift in Sources */,
				825F57CAB6FA252C9933EAA5 /* LicenseVerifier.swift in Sources */,
				A3CA9AD2EA0BD7D8E503F6F7 /* LogDrawerView.swift in Sources */,
				A24306F6E5743370D87800DF /* OnboardingQuestionView.swift in Sources */,
				85A41D89844382060889D680 /* OstlerLog.swift in Sources */,
				9518827AC07902091C0940C0 /* OstlerTheme.swift in Sources */,
				0D1D04125C9C73F01291E94A /* ProgressProtocol.swift in Sources */,
				FD38E03D6747678A211F1814 /* SelfRelocator.swift in Sources */,
				8E811455DED8C1926109DA01 /* SidebarView.swift in Sources */,
				2311C16E1DE97B3ADB33ED9E /* StepCatalog.swift in Sources */,
				9D4F4FAFE6D88FFBBBABAD08 /* ViewCopy.swift in Sources */,
			);
			runOnlyForDeploymentPostprocessing = 0;
		};
		593D5D57244AD79B82D0C30B /* Sources */ = {
			isa = PBXSourcesBuildPhase;
			buildActionMask = 2147483647;
			files = (
				32EE05F704A2FC1663C79FBB /* AdminAuthorizationGateTests.swift in Sources */,
				297DB80C29C941936F57FD6A /* DeviceLimitReachedViewSnapshotTests.swift in Sources */,
				41521CE6B6E9C954EB5B352E /* DeviceRegistrationClientTests.swift in Sources */,
				E276D8572DB30C132C431CCA /* FingerprintStateTests.swift in Sources */,
				A3E91202774BD111B0AB1AEA /* HardwareFingerprintTests.swift in Sources */,
				D1A8224D1913FCF3B71938F9 /* LicenseEntryShortIdHeuristicTests.swift in Sources */,
				518D2D22C28A4FDC3193751D /* LicensePersistenceTests.swift in Sources */,
				E4167BB8AF02DBB95D688811 /* LicenseVerifierTests.swift in Sources */,
				D332D6613EB2B64A6CD3F16E /* LogDrawerFormatTests.swift in Sources */,
				8BDA08160BDF8F7A4F3B006D /* OnboardingQuestionViewSnapshotTests.swift in Sources */,
				673333837843D135C3E79E65 /* OnboardingQuestionXOfYTests.swift in Sources */,
				2D47AB35E1FB087DE3838834 /* ProgressDecoderTests.swift in Sources */,
				78403E2589F62D463406FC79 /* SelfRelocatorTests.swift in Sources */,
				ADBBDF0DAD4432CA6B0113AC /* SidebarPhaseAdvanceTests.swift in Sources */,
			);
			runOnlyForDeploymentPostprocessing = 0;
		};
/* End PBXSourcesBuildPhase section */

/* Begin PBXTargetDependency section */
		4271D582E6FE03802199824F /* PBXTargetDependency */ = {
			isa = PBXTargetDependency;
			target = 26396ABC7C59F0222CB05FE6 /* OstlerInstaller */;
			targetProxy = E4B114C98440942ED6E43582 /* PBXContainerItemProxy */;
		};
/* End PBXTargetDependency section */

/* Begin XCBuildConfiguration section */
		2F6D49C38C765E8C14DB6803 /* Release */ = {
			isa = XCBuildConfiguration;
			buildSettings = {
				BUNDLE_LOADER = "$(TEST_HOST)";
				COMBINE_HIDPI_IMAGES = YES;
				GENERATE_INFOPLIST_FILE = YES;
				LD_RUNPATH_SEARCH_PATHS = (
					"$(inherited)",
					"@executable_path/../Frameworks",
					"@loader_path/../Frameworks",
				);
				MACOSX_DEPLOYMENT_TARGET = 14.0;
				PRODUCT_BUNDLE_IDENTIFIER = ai.ostler.installer.tests;
				PRODUCT_NAME = OstlerInstallerTests;
				SDKROOT = macosx;
				TEST_HOST = "$(BUILT_PRODUCTS_DIR)/OstlerInstaller.app/Contents/MacOS/OstlerInstaller";
			};
			name = Release;
		};
		445D28EE613AB0B2DFBF4FB0 /* Debug */ = {
			isa = XCBuildConfiguration;
			buildSettings = {
				ARCHS = "$(ARCHS_STANDARD)";
				ASSETCATALOG_COMPILER_APPICON_NAME = AppIcon;
				CODE_SIGN_ENTITLEMENTS = OstlerInstaller/OstlerInstaller.entitlements;
				COMBINE_HIDPI_IMAGES = YES;
				INFOPLIST_FILE = OstlerInstaller/Info.plist;
				LD_RUNPATH_SEARCH_PATHS = (
					"$(inherited)",
					"@executable_path/../Frameworks",
				);
				MACOSX_DEPLOYMENT_TARGET = 14.0;
				PRODUCT_BUNDLE_IDENTIFIER = ai.ostler.installer;
				SDKROOT = macosx;
				SWIFT_OPTIMIZATION_LEVEL = "-Onone";
			};
			name = Debug;
		};
		5D7B20AD95301993F53BA88D /* Release */ = {
			isa = XCBuildConfiguration;
			buildSettings = {
				ARCHS = "$(ARCHS_STANDARD)";
				ASSETCATALOG_COMPILER_APPICON_NAME = AppIcon;
				CODE_SIGN_ENTITLEMENTS = OstlerInstaller/OstlerInstaller.entitlements;
				COMBINE_HIDPI_IMAGES = YES;
				INFOPLIST_FILE = OstlerInstaller/Info.plist;
				LD_RUNPATH_SEARCH_PATHS = (
					"$(inherited)",
					"@executable_path/../Frameworks",
				);
				MACOSX_DEPLOYMENT_TARGET = 14.0;
				PRODUCT_BUNDLE_IDENTIFIER = ai.ostler.installer;
				SDKROOT = macosx;
				SWIFT_OPTIMIZATION_LEVEL = "-Onone";
			};
			name = Release;
		};
		6852673F12C39FEFE135B1E5 /* Debug */ = {
			isa = XCBuildConfiguration;
			buildSettings = {
				BUNDLE_LOADER = "$(TEST_HOST)";
				COMBINE_HIDPI_IMAGES = YES;
				GENERATE_INFOPLIST_FILE = YES;
				LD_RUNPATH_SEARCH_PATHS = (
					"$(inherited)",
					"@executable_path/../Frameworks",
					"@loader_path/../Frameworks",
				);
				MACOSX_DEPLOYMENT_TARGET = 14.0;
				PRODUCT_BUNDLE_IDENTIFIER = ai.ostler.installer.tests;
				PRODUCT_NAME = OstlerInstallerTests;
				SDKROOT = macosx;
				TEST_HOST = "$(BUILT_PRODUCTS_DIR)/OstlerInstaller.app/Contents/MacOS/OstlerInstaller";
			};
			name = Debug;
		};
		75B3465B17430E9CC335A191 /* Release */ = {
			isa = XCBuildConfiguration;
			buildSettings = {
				ALWAYS_SEARCH_USER_PATHS = NO;
				CLANG_ANALYZER_NONNULL = YES;
				CLANG_ANALYZER_NUMBER_OBJECT_CONVERSION = YES_AGGRESSIVE;
				CLANG_CXX_LANGUAGE_STANDARD = "gnu++14";
				CLANG_CXX_LIBRARY = "libc++";
				CLANG_ENABLE_MODULES = YES;
				CLANG_ENABLE_OBJC_ARC = YES;
				CLANG_ENABLE_OBJC_WEAK = YES;
				CLANG_WARN_BLOCK_CAPTURE_AUTORELEASING = YES;
				CLANG_WARN_BOOL_CONVERSION = YES;
				CLANG_WARN_COMMA = YES;
				CLANG_WARN_CONSTANT_CONVERSION = YES;
				CLANG_WARN_DEPRECATED_OBJC_IMPLEMENTATIONS = YES;
				CLANG_WARN_DIRECT_OBJC_ISA_USAGE = YES_ERROR;
				CLANG_WARN_DOCUMENTATION_COMMENTS = YES;
				CLANG_WARN_EMPTY_BODY = YES;
				CLANG_WARN_ENUM_CONVERSION = YES;
				CLANG_WARN_INFINITE_RECURSION = YES;
				CLANG_WARN_INT_CONVERSION = YES;
				CLANG_WARN_NON_LITERAL_NULL_CONVERSION = YES;
				CLANG_WARN_OBJC_IMPLICIT_RETAIN_SELF = YES;
				CLANG_WARN_OBJC_LITERAL_CONVERSION = YES;
				CLANG_WARN_OBJC_ROOT_CLASS = YES_ERROR;
				CLANG_WARN_QUOTED_INCLUDE_IN_FRAMEWORK_HEADER = YES;
				CLANG_WARN_RANGE_LOOP_ANALYSIS = YES;
				CLANG_WARN_STRICT_PROTOTYPES = YES;
				CLANG_WARN_SUSPICIOUS_MOVE = YES;
				CLANG_WARN_UNGUARDED_AVAILABILITY = YES_AGGRESSIVE;
				CLANG_WARN_UNREACHABLE_CODE = YES;
				CLANG_WARN__DUPLICATE_METHOD_MATCH = YES;
				CODE_SIGN_IDENTITY = "Developer ID Application";
				CODE_SIGN_INJECT_BASE_ENTITLEMENTS = YES;
				CODE_SIGN_STYLE = Manual;
				COPY_PHASE_STRIP = NO;
				CURRENT_PROJECT_VERSION = 6;
				DEBUG_INFORMATION_FORMAT = "dwarf-with-dsym";
				DEVELOPMENT_TEAM = V95N2B8X7A;
				ENABLE_HARDENED_RUNTIME = YES;
				ENABLE_NS_ASSERTIONS = NO;
				ENABLE_STRICT_OBJC_MSGSEND = YES;
				GCC_C_LANGUAGE_STANDARD = gnu11;
				GCC_NO_COMMON_BLOCKS = YES;
				GCC_WARN_64_TO_32_BIT_CONVERSION = YES;
				GCC_WARN_ABOUT_RETURN_TYPE = YES_ERROR;
				GCC_WARN_UNDECLARED_SELECTOR = YES;
				GCC_WARN_UNINITIALIZED_AUTOS = YES_AGGRESSIVE;
				GCC_WARN_UNUSED_FUNCTION = YES;
				GCC_WARN_UNUSED_VARIABLE = YES;
				MACOSX_DEPLOYMENT_TARGET = 14.0;
				MARKETING_VERSION = 0.2.1;
				MTL_ENABLE_DEBUG_INFO = NO;
				MTL_FAST_MATH = YES;
				OTHER_CODE_SIGN_FLAGS = "--timestamp";
				PRODUCT_BUNDLE_IDENTIFIER = ai.ostler.installer;
				PRODUCT_NAME = OstlerInstaller;
				SDKROOT = macosx;
				SWIFT_COMPILATION_MODE = wholemodule;
				SWIFT_OPTIMIZATION_LEVEL = "-O";
				SWIFT_VERSION = 5.9;
			};
			name = Release;
		};
		BA3DC0A227A5037591C97D5A /* Debug */ = {
			isa = XCBuildConfiguration;
			buildSettings = {
				ALWAYS_SEARCH_USER_PATHS = NO;
				CLANG_ANALYZER_NONNULL = YES;
				CLANG_ANALYZER_NUMBER_OBJECT_CONVERSION = YES_AGGRESSIVE;
				CLANG_CXX_LANGUAGE_STANDARD = "gnu++14";
				CLANG_CXX_LIBRARY = "libc++";
				CLANG_ENABLE_MODULES = YES;
				CLANG_ENABLE_OBJC_ARC = YES;
				CLANG_ENABLE_OBJC_WEAK = YES;
				CLANG_WARN_BLOCK_CAPTURE_AUTORELEASING = YES;
				CLANG_WARN_BOOL_CONVERSION = YES;
				CLANG_WARN_COMMA = YES;
				CLANG_WARN_CONSTANT_CONVERSION = YES;
				CLANG_WARN_DEPRECATED_OBJC_IMPLEMENTATIONS = YES;
				CLANG_WARN_DIRECT_OBJC_ISA_USAGE = YES_ERROR;
				CLANG_WARN_DOCUMENTATION_COMMENTS = YES;
				CLANG_WARN_EMPTY_BODY = YES;
				CLANG_WARN_ENUM_CONVERSION = YES;
				CLANG_WARN_INFINITE_RECURSION = YES;
				CLANG_WARN_INT_CONVERSION = YES;
				CLANG_WARN_NON_LITERAL_NULL_CONVERSION = YES;
				CLANG_WARN_OBJC_IMPLICIT_RETAIN_SELF = YES;
				CLANG_WARN_OBJC_LITERAL_CONVERSION = YES;
				CLANG_WARN_OBJC_ROOT_CLASS = YES_ERROR;
				CLANG_WARN_QUOTED_INCLUDE_IN_FRAMEWORK_HEADER = YES;
				CLANG_WARN_RANGE_LOOP_ANALYSIS = YES;
				CLANG_WARN_STRICT_PROTOTYPES = YES;
				CLANG_WARN_SUSPICIOUS_MOVE = YES;
				CLANG_WARN_UNGUARDED_AVAILABILITY = YES_AGGRESSIVE;
				CLANG_WARN_UNREACHABLE_CODE = YES;
				CLANG_WARN__DUPLICATE_METHOD_MATCH = YES;
				CODE_SIGN_IDENTITY = "-";
				CODE_SIGN_INJECT_BASE_ENTITLEMENTS = YES;
				CODE_SIGN_STYLE = Manual;
				COPY_PHASE_STRIP = NO;
				CURRENT_PROJECT_VERSION = 6;
				DEBUG_INFORMATION_FORMAT = dwarf;
				DEVELOPMENT_TEAM = V95N2B8X7A;
				ENABLE_HARDENED_RUNTIME = NO;
				ENABLE_STRICT_OBJC_MSGSEND = YES;
				ENABLE_TESTABILITY = YES;
				GCC_C_LANGUAGE_STANDARD = gnu11;
				GCC_DYNAMIC_NO_PIC = NO;
				GCC_NO_COMMON_BLOCKS = YES;
				GCC_OPTIMIZATION_LEVEL = 0;
				GCC_PREPROCESSOR_DEFINITIONS = (
					"$(inherited)",
					"DEBUG=1",
				);
				GCC_WARN_64_TO_32_BIT_CONVERSION = YES;
				GCC_WARN_ABOUT_RETURN_TYPE = YES_ERROR;
				GCC_WARN_UNDECLARED_SELECTOR = YES;
				GCC_WARN_UNINITIALIZED_AUTOS = YES_AGGRESSIVE;
				GCC_WARN_UNUSED_FUNCTION = YES;
				GCC_WARN_UNUSED_VARIABLE = YES;
				MACOSX_DEPLOYMENT_TARGET = 14.0;
				MARKETING_VERSION = 0.2.1;
				MTL_ENABLE_DEBUG_INFO = INCLUDE_SOURCE;
				MTL_FAST_MATH = YES;
				ONLY_ACTIVE_ARCH = YES;
				OTHER_CODE_SIGN_FLAGS = "--timestamp";
				PRODUCT_BUNDLE_IDENTIFIER = ai.ostler.installer;
				PRODUCT_NAME = OstlerInstaller;
				SDKROOT = macosx;
				SWIFT_ACTIVE_COMPILATION_CONDITIONS = DEBUG;
				SWIFT_OPTIMIZATION_LEVEL = "-Onone";
				SWIFT_VERSION = 5.9;
			};
			name = Debug;
		};
/* End XCBuildConfiguration section */

/* Begin XCConfigurationList section */
		7EF033C85923020A3AF7362B /* Build configuration list for PBXNativeTarget "OstlerInstallerTests" */ = {
			isa = XCConfigurationList;
			buildConfigurations = (
				6852673F12C39FEFE135B1E5 /* Debug */,
				2F6D49C38C765E8C14DB6803 /* Release */,
			);
			defaultConfigurationIsVisible = 0;
			defaultConfigurationName = Debug;
		};
		83F8F40CF92AC5C4B89FB32F /* Build configuration list for PBXProject "OstlerInstaller" */ = {
			isa = XCConfigurationList;
			buildConfigurations = (
				BA3DC0A227A5037591C97D5A /* Debug */,
				75B3465B17430E9CC335A191 /* Release */,
			);
			defaultConfigurationIsVisible = 0;
			defaultConfigurationName = Debug;
		};
		ED6DB04F95A5252A16CE07C2 /* Build configuration list for PBXNativeTarget "OstlerInstaller" */ = {
			isa = XCConfigurationList;
			buildConfigurations = (
				445D28EE613AB0B2DFBF4FB0 /* Debug */,
				5D7B20AD95301993F53BA88D /* Release */,
			);
			defaultConfigurationIsVisible = 0;
			defaultConfigurationName = Debug;
		};
/* End XCConfigurationList section */
	};
	rootObject = BFE252117648CBD7A2B7131F /* Project object */;
}
