// !$*UTF8*$!
{
	archiveVersion = 1;
	classes = {
	};
	objectVersion = 77;
	objects = {

/* Begin PBXBuildFile section */
		0D1D04125C9C73F01291E94A /* ProgressProtocol.swift in Sources */ = {isa = PBXBuildFile; fileRef = 8F30F204F6FC5AB19BC84461 /* ProgressProtocol.swift */; };
		12ECCC78BC04865699AF3802 /* InstallerCoordinator.swift in Sources */ = {isa = PBXBuildFile; fileRef = AAF575ABE11CBC6AF2FC1D3F /* InstallerCoordinator.swift */; };
		2311C16E1DE97B3ADB33ED9E /* StepCatalog.swift in Sources */ = {isa = PBXBuildFile; fileRef = 08A68D9D961170201BC0E5A7 /* StepCatalog.swift */; };
		6746C4CED2FFC5217A1EF6FF /* HintPanelView.swift in Sources */ = {isa = PBXBuildFile; fileRef = E92A90F0ED1636988B7278FB /* HintPanelView.swift */; };
		6C2CC1B327BAB163D14B84F7 /* HintCopy.json in Resources */ = {isa = PBXBuildFile; fileRef = 648CD2F16A53E31F71B7BD82 /* HintCopy.json */; };
		83883A656ED24A60576FD5A0 /* AuthorizationHelper.swift in Sources */ = {isa = PBXBuildFile; fileRef = F096DE1EF195479F3854214B /* AuthorizationHelper.swift */; };
		8E811455DED8C1926109DA01 /* SidebarView.swift in Sources */ = {isa = PBXBuildFile; fileRef = D93788700DA6F1729EFEB460 /* SidebarView.swift */; };
		9518827AC07902091C0940C0 /* OstlerTheme.swift in Sources */ = {isa = PBXBuildFile; fileRef = 290A4E2AACD1F8BA2DABFE13 /* OstlerTheme.swift */; };
		A3CA9AD2EA0BD7D8E503F6F7 /* LogDrawerView.swift in Sources */ = {isa = PBXBuildFile; fileRef = 0B00C2C51EF6CA0F9AAC4D24 /* LogDrawerView.swift */; };
		A4DFFC3D202122DC0660BDB5 /* App.swift in Sources */ = {isa = PBXBuildFile; fileRef = EF64A6B46A3BD66D6097C846 /* App.swift */; };
		D68284689B91D6DC85B61C7E /* PromptSheet.swift in Sources */ = {isa = PBXBuildFile; fileRef = 00506B02E761DF68EBB5ADCF /* PromptSheet.swift */; };
		E645DB417FE085A54F3474A7 /* FullDiskAccessSheet.swift in Sources */ = {isa = PBXBuildFile; fileRef = E26BE783EE21FCA4A614C436 /* FullDiskAccessSheet.swift */; };
		F19AE79E344ACE0E6AF84DFF /* ContentView.swift in Sources */ = {isa = PBXBuildFile; fileRef = E4C1249B5BB363F304334F02 /* ContentView.swift */; };
/* End PBXBuildFile section */

/* Begin PBXFileReference section */
		00506B02E761DF68EBB5ADCF /* PromptSheet.swift */ = {isa = PBXFileReference; lastKnownFileType = sourcecode.swift; path = PromptSheet.swift; sourceTree = "<group>"; };
		08A68D9D961170201BC0E5A7 /* StepCatalog.swift */ = {isa = PBXFileReference; lastKnownFileType = sourcecode.swift; path = StepCatalog.swift; sourceTree = "<group>"; };
		0B00C2C51EF6CA0F9AAC4D24 /* LogDrawerView.swift */ = {isa = PBXFileReference; lastKnownFileType = sourcecode.swift; path = LogDrawerView.swift; sourceTree = "<group>"; };
		290A4E2AACD1F8BA2DABFE13 /* OstlerTheme.swift */ = {isa = PBXFileReference; lastKnownFileType = sourcecode.swift; path = OstlerTheme.swift; sourceTree = "<group>"; };
		5BD159481AED14E0F2873891 /* OstlerInstaller.app */ = {isa = PBXFileReference; explicitFileType = wrapper.application; includeInIndex = 0; path = OstlerInstaller.app; sourceTree = BUILT_PRODUCTS_DIR; };
		5D8C12F6029BAB9DEDF5EAD8 /* OstlerInstaller.entitlements */ = {isa = PBXFileReference; lastKnownFileType = text.plist.entitlements; path = OstlerInstaller.entitlements; sourceTree = "<group>"; };
		648CD2F16A53E31F71B7BD82 /* HintCopy.json */ = {isa = PBXFileReference; lastKnownFileType = text.json; path = HintCopy.json; sourceTree = "<group>"; };
		7EC2E5CA6E396F6D43EF3FED /* Info.plist */ = {isa = PBXFileReference; lastKnownFileType = text.plist; path = Info.plist; sourceTree = "<group>"; };
		8F30F204F6FC5AB19BC84461 /* ProgressProtocol.swift */ = {isa = PBXFileReference; lastKnownFileType = sourcecode.swift; path = ProgressProtocol.swift; sourceTree = "<group>"; };
		AAF575ABE11CBC6AF2FC1D3F /* InstallerCoordinator.swift */ = {isa = PBXFileReference; lastKnownFileType = sourcecode.swift; path = InstallerCoordinator.swift; sourceTree = "<group>"; };
		D93788700DA6F1729EFEB460 /* SidebarView.swift */ = {isa = PBXFileReference; lastKnownFileType = sourcecode.swift; path = SidebarView.swift; sourceTree = "<group>"; };
		E26BE783EE21FCA4A614C436 /* FullDiskAccessSheet.swift */ = {isa = PBXFileReference; lastKnownFileType = sourcecode.swift; path = FullDiskAccessSheet.swift; sourceTree = "<group>"; };
		E4C1249B5BB363F304334F02 /* ContentView.swift */ = {isa = PBXFileReference; lastKnownFileType = sourcecode.swift; path = ContentView.swift; sourceTree = "<group>"; };
		E92A90F0ED1636988B7278FB /* HintPanelView.swift */ = {isa = PBXFileReference; lastKnownFileType = sourcecode.swift; path = HintPanelView.swift; sourceTree = "<group>"; };
		EF64A6B46A3BD66D6097C846 /* App.swift */ = {isa = PBXFileReference; lastKnownFileType = sourcecode.swift; path = App.swift; sourceTree = "<group>"; };
		F096DE1EF195479F3854214B /* AuthorizationHelper.swift */ = {isa = PBXFileReference; lastKnownFileType = sourcecode.swift; path = AuthorizationHelper.swift; sourceTree = "<group>"; };
/* End PBXFileReference section */

/* Begin PBXGroup section */
		296BE68221AABD99A6B09E98 /* Views */ = {
			isa = PBXGroup;
			children = (
				E4C1249B5BB363F304334F02 /* ContentView.swift */,
				E26BE783EE21FCA4A614C436 /* FullDiskAccessSheet.swift */,
				E92A90F0ED1636988B7278FB /* HintPanelView.swift */,
				0B00C2C51EF6CA0F9AAC4D24 /* LogDrawerView.swift */,
				00506B02E761DF68EBB5ADCF /* PromptSheet.swift */,
				D93788700DA6F1729EFEB460 /* SidebarView.swift */,
			);
			path = Views;
			sourceTree = "<group>";
		};
		4E9E0E7313014F0F4DB5C011 /* Theme */ = {
			isa = PBXGroup;
			children = (
				290A4E2AACD1F8BA2DABFE13 /* OstlerTheme.swift */,
			);
			path = Theme;
			sourceTree = "<group>";
		};
		7FC686951F990D23E8C912BF /* Products */ = {
			isa = PBXGroup;
			children = (
				5BD159481AED14E0F2873891 /* OstlerInstaller.app */,
			);
			name = Products;
			sourceTree = "<group>";
		};
		B589DDE9F721ED2F0990EB0E /* Steps */ = {
			isa = PBXGroup;
			children = (
				08A68D9D961170201BC0E5A7 /* StepCatalog.swift */,
			);
			path = Steps;
			sourceTree = "<group>";
		};
		C75FEAA8301103D163767951 = {
			isa = PBXGroup;
			children = (
				F506F64F7264AEB88C7031EC /* OstlerInstaller */,
				7FC686951F990D23E8C912BF /* Products */,
			);
			sourceTree = "<group>";
		};
		F449E7484435D5081F7CC53C /* Auth */ = {
			isa = PBXGroup;
			children = (
				F096DE1EF195479F3854214B /* AuthorizationHelper.swift */,
			);
			path = Auth;
			sourceTree = "<group>";
		};
		F506F64F7264AEB88C7031EC /* OstlerInstaller */ = {
			isa = PBXGroup;
			children = (
				EF64A6B46A3BD66D6097C846 /* App.swift */,
				7EC2E5CA6E396F6D43EF3FED /* Info.plist */,
				AAF575ABE11CBC6AF2FC1D3F /* InstallerCoordinator.swift */,
				5D8C12F6029BAB9DEDF5EAD8 /* OstlerInstaller.entitlements */,
				8F30F204F6FC5AB19BC84461 /* ProgressProtocol.swift */,
				F449E7484435D5081F7CC53C /* Auth */,
				FE9676D0B0AB2FB88EC5C6C6 /* Resources */,
				B589DDE9F721ED2F0990EB0E /* Steps */,
				4E9E0E7313014F0F4DB5C011 /* Theme */,
				296BE68221AABD99A6B09E98 /* Views */,
			);
			path = OstlerInstaller;
			sourceTree = "<group>";
		};
		FE9676D0B0AB2FB88EC5C6C6 /* Resources */ = {
			isa = PBXGroup;
			children = (
				648CD2F16A53E31F71B7BD82 /* HintCopy.json */,
			);
			path = Resources;
			sourceTree = "<group>";
		};
/* End PBXGroup section */

/* Begin PBXNativeTarget section */
		26396ABC7C59F0222CB05FE6 /* OstlerInstaller */ = {
			isa = PBXNativeTarget;
			buildConfigurationList = ED6DB04F95A5252A16CE07C2 /* Build configuration list for PBXNativeTarget "OstlerInstaller" */;
			buildPhases = (
				573FCA21A33278A6BA0D6D15 /* Sources */,
				BC061E46C88E5D80D0115AEC /* Resources */,
				85C2D9F477A56E8B5F27EA85 /* Bundle install.sh + progress_emitter.sh into Resources */,
			);
			buildRules = (
			);
			dependencies = (
			);
			name = OstlerInstaller;
			packageProductDependencies = (
			);
			productName = OstlerInstaller;
			productReference = 5BD159481AED14E0F2873891 /* OstlerInstaller.app */;
			productType = "com.apple.product-type.application";
		};
/* End PBXNativeTarget section */

/* Begin PBXProject section */
		BFE252117648CBD7A2B7131F /* Project object */ = {
			isa = PBXProject;
			attributes = {
				BuildIndependentTargetsInParallel = YES;
				LastUpgradeCheck = 1430;
				TargetAttributes = {
					26396ABC7C59F0222CB05FE6 = {
						DevelopmentTeam = V95N2B8X7A;
						ProvisioningStyle = Manual;
					};
				};
			};
			buildConfigurationList = 83F8F40CF92AC5C4B89FB32F /* Build configuration list for PBXProject "OstlerInstaller" */;
			compatibilityVersion = "Xcode 14.0";
			developmentRegion = en;
			hasScannedForEncodings = 0;
			knownRegions = (
				Base,
				en,
			);
			mainGroup = C75FEAA8301103D163767951;
			minimizedProjectReferenceProxies = 1;
			preferredProjectObjectVersion = 77;
			projectDirPath = "";
			projectRoot = "";
			targets = (
				26396ABC7C59F0222CB05FE6 /* OstlerInstaller */,
			);
		};
/* End PBXProject section */

/* Begin PBXResourcesBuildPhase section */
		BC061E46C88E5D80D0115AEC /* Resources */ = {
			isa = PBXResourcesBuildPhase;
			buildActionMask = 2147483647;
			files = (
				6C2CC1B327BAB163D14B84F7 /* HintCopy.json in Resources */,
			);
			runOnlyForDeploymentPostprocessing = 0;
		};
/* End PBXResourcesBuildPhase section */

/* Begin PBXShellScriptBuildPhase section */
		85C2D9F477A56E8B5F27EA85 /* Bundle install.sh + progress_emitter.sh into Resources */ = {
			isa = PBXShellScriptBuildPhase;
			buildActionMask = 2147483647;
			files = (
			);
			inputFileListPaths = (
			);
			inputPaths = (
				"$(SRCROOT)/../install.sh",
				"$(SRCROOT)/../lib/progress_emitter.sh",
			);
			name = "Bundle install.sh + progress_emitter.sh into Resources";
			outputFileListPaths = (
			);
			outputPaths = (
				"$(TARGET_BUILD_DIR)/$(UNLOCALIZED_RESOURCES_FOLDER_PATH)/install.sh",
				"$(TARGET_BUILD_DIR)/$(UNLOCALIZED_RESOURCES_FOLDER_PATH)/progress_emitter.sh",
			);
			runOnlyForDeploymentPostprocessing = 0;
			shellPath = /bin/sh;
			shellScript = "set -euo pipefail\nDEST=\"${TARGET_BUILD_DIR}/${UNLOCALIZED_RESOURCES_FOLDER_PATH}\"\nmkdir -p \"${DEST}\"\ncp -p \"${SRCROOT}/../install.sh\"             \"${DEST}/install.sh\"\ncp -p \"${SRCROOT}/../lib/progress_emitter.sh\" \"${DEST}/progress_emitter.sh\"\nchmod 755 \"${DEST}/install.sh\" \"${DEST}/progress_emitter.sh\"\n";
		};
/* End PBXShellScriptBuildPhase section */

/* Begin PBXSourcesBuildPhase section */
		573FCA21A33278A6BA0D6D15 /* Sources */ = {
			isa = PBXSourcesBuildPhase;
			buildActionMask = 2147483647;
			files = (
				A4DFFC3D202122DC0660BDB5 /* App.swift in Sources */,
				83883A656ED24A60576FD5A0 /* AuthorizationHelper.swift in Sources */,
				F19AE79E344ACE0E6AF84DFF /* ContentView.swift in Sources */,
				E645DB417FE085A54F3474A7 /* FullDiskAccessSheet.swift in Sources */,
				6746C4CED2FFC5217A1EF6FF /* HintPanelView.swift in Sources */,
				12ECCC78BC04865699AF3802 /* InstallerCoordinator.swift in Sources */,
				A3CA9AD2EA0BD7D8E503F6F7 /* LogDrawerView.swift in Sources */,
				9518827AC07902091C0940C0 /* OstlerTheme.swift in Sources */,
				0D1D04125C9C73F01291E94A /* ProgressProtocol.swift in Sources */,
				D68284689B91D6DC85B61C7E /* PromptSheet.swift in Sources */,
				8E811455DED8C1926109DA01 /* SidebarView.swift in Sources */,
				2311C16E1DE97B3ADB33ED9E /* StepCatalog.swift in Sources */,
			);
			runOnlyForDeploymentPostprocessing = 0;
		};
/* End PBXSourcesBuildPhase section */

/* Begin XCBuildConfiguration section */
		445D28EE613AB0B2DFBF4FB0 /* Debug */ = {
			isa = XCBuildConfiguration;
			buildSettings = {
				ARCHS = "$(ARCHS_STANDARD)";
				ASSETCATALOG_COMPILER_APPICON_NAME = AppIcon;
				CODE_SIGN_ENTITLEMENTS = OstlerInstaller/OstlerInstaller.entitlements;
				COMBINE_HIDPI_IMAGES = YES;
				INFOPLIST_FILE = OstlerInstaller/Info.plist;
				LD_RUNPATH_SEARCH_PATHS = (
					"$(inherited)",
					"@executable_path/../Frameworks",
				);
				MACOSX_DEPLOYMENT_TARGET = 14.0;
				PRODUCT_BUNDLE_IDENTIFIER = ai.ostler.installer;
				SDKROOT = macosx;
				SWIFT_OPTIMIZATION_LEVEL = "-Onone";
			};
			name = Debug;
		};
		5D7B20AD95301993F53BA88D /* Release */ = {
			isa = XCBuildConfiguration;
			buildSettings = {
				ARCHS = "$(ARCHS_STANDARD)";
				ASSETCATALOG_COMPILER_APPICON_NAME = AppIcon;
				CODE_SIGN_ENTITLEMENTS = OstlerInstaller/OstlerInstaller.entitlements;
				COMBINE_HIDPI_IMAGES = YES;
				INFOPLIST_FILE = OstlerInstaller/Info.plist;
				LD_RUNPATH_SEARCH_PATHS = (
					"$(inherited)",
					"@executable_path/../Frameworks",
				);
				MACOSX_DEPLOYMENT_TARGET = 14.0;
				PRODUCT_BUNDLE_IDENTIFIER = ai.ostler.installer;
				SDKROOT = macosx;
				SWIFT_OPTIMIZATION_LEVEL = "-Onone";
			};
			name = Release;
		};
		75B3465B17430E9CC335A191 /* Release */ = {
			isa = XCBuildConfiguration;
			buildSettings = {
				ALWAYS_SEARCH_USER_PATHS = NO;
				CLANG_ANALYZER_NONNULL = YES;
				CLANG_ANALYZER_NUMBER_OBJECT_CONVERSION = YES_AGGRESSIVE;
				CLANG_CXX_LANGUAGE_STANDARD = "gnu++14";
				CLANG_CXX_LIBRARY = "libc++";
				CLANG_ENABLE_MODULES = YES;
				CLANG_ENABLE_OBJC_ARC = YES;
				CLANG_ENABLE_OBJC_WEAK = YES;
				CLANG_WARN_BLOCK_CAPTURE_AUTORELEASING = YES;
				CLANG_WARN_BOOL_CONVERSION = YES;
				CLANG_WARN_COMMA = YES;
				CLANG_WARN_CONSTANT_CONVERSION = YES;
				CLANG_WARN_DEPRECATED_OBJC_IMPLEMENTATIONS = YES;
				CLANG_WARN_DIRECT_OBJC_ISA_USAGE = YES_ERROR;
				CLANG_WARN_DOCUMENTATION_COMMENTS = YES;
				CLANG_WARN_EMPTY_BODY = YES;
				CLANG_WARN_ENUM_CONVERSION = YES;
				CLANG_WARN_INFINITE_RECURSION = YES;
				CLANG_WARN_INT_CONVERSION = YES;
				CLANG_WARN_NON_LITERAL_NULL_CONVERSION = YES;
				CLANG_WARN_OBJC_IMPLICIT_RETAIN_SELF = YES;
				CLANG_WARN_OBJC_LITERAL_CONVERSION = YES;
				CLANG_WARN_OBJC_ROOT_CLASS = YES_ERROR;
				CLANG_WARN_QUOTED_INCLUDE_IN_FRAMEWORK_HEADER = YES;
				CLANG_WARN_RANGE_LOOP_ANALYSIS = YES;
				CLANG_WARN_STRICT_PROTOTYPES = YES;
				CLANG_WARN_SUSPICIOUS_MOVE = YES;
				CLANG_WARN_UNGUARDED_AVAILABILITY = YES_AGGRESSIVE;
				CLANG_WARN_UNREACHABLE_CODE = YES;
				CLANG_WARN__DUPLICATE_METHOD_MATCH = YES;
				CODE_SIGN_IDENTITY = "Developer ID Application";
				CODE_SIGN_INJECT_BASE_ENTITLEMENTS = YES;
				CODE_SIGN_STYLE = Manual;
				COPY_PHASE_STRIP = NO;
				CURRENT_PROJECT_VERSION = 1;
				DEBUG_INFORMATION_FORMAT = "dwarf-with-dsym";
				DEVELOPMENT_TEAM = V95N2B8X7A;
				ENABLE_HARDENED_RUNTIME = YES;
				ENABLE_NS_ASSERTIONS = NO;
				ENABLE_STRICT_OBJC_MSGSEND = YES;
				GCC_C_LANGUAGE_STANDARD = gnu11;
				GCC_NO_COMMON_BLOCKS = YES;
				GCC_WARN_64_TO_32_BIT_CONVERSION = YES;
				GCC_WARN_ABOUT_RETURN_TYPE = YES_ERROR;
				GCC_WARN_UNDECLARED_SELECTOR = YES;
				GCC_WARN_UNINITIALIZED_AUTOS = YES_AGGRESSIVE;
				GCC_WARN_UNUSED_FUNCTION = YES;
				GCC_WARN_UNUSED_VARIABLE = YES;
				MACOSX_DEPLOYMENT_TARGET = 14.0;
				MARKETING_VERSION = 0.1.0;
				MTL_ENABLE_DEBUG_INFO = NO;
				MTL_FAST_MATH = YES;
				OTHER_CODE_SIGN_FLAGS = "--timestamp";
				PRODUCT_BUNDLE_IDENTIFIER = ai.ostler.installer;
				PRODUCT_NAME = OstlerInstaller;
				SDKROOT = macosx;
				SWIFT_COMPILATION_MODE = wholemodule;
				SWIFT_OPTIMIZATION_LEVEL = "-O";
				SWIFT_VERSION = 5.9;
			};
			name = Release;
		};
		BA3DC0A227A5037591C97D5A /* Debug */ = {
			isa = XCBuildConfiguration;
			buildSettings = {
				ALWAYS_SEARCH_USER_PATHS = NO;
				CLANG_ANALYZER_NONNULL = YES;
				CLANG_ANALYZER_NUMBER_OBJECT_CONVERSION = YES_AGGRESSIVE;
				CLANG_CXX_LANGUAGE_STANDARD = "gnu++14";
				CLANG_CXX_LIBRARY = "libc++";
				CLANG_ENABLE_MODULES = YES;
				CLANG_ENABLE_OBJC_ARC = YES;
				CLANG_ENABLE_OBJC_WEAK = YES;
				CLANG_WARN_BLOCK_CAPTURE_AUTORELEASING = YES;
				CLANG_WARN_BOOL_CONVERSION = YES;
				CLANG_WARN_COMMA = YES;
				CLANG_WARN_CONSTANT_CONVERSION = YES;
				CLANG_WARN_DEPRECATED_OBJC_IMPLEMENTATIONS = YES;
				CLANG_WARN_DIRECT_OBJC_ISA_USAGE = YES_ERROR;
				CLANG_WARN_DOCUMENTATION_COMMENTS = YES;
				CLANG_WARN_EMPTY_BODY = YES;
				CLANG_WARN_ENUM_CONVERSION = YES;
				CLANG_WARN_INFINITE_RECURSION = YES;
				CLANG_WARN_INT_CONVERSION = YES;
				CLANG_WARN_NON_LITERAL_NULL_CONVERSION = YES;
				CLANG_WARN_OBJC_IMPLICIT_RETAIN_SELF = YES;
				CLANG_WARN_OBJC_LITERAL_CONVERSION = YES;
				CLANG_WARN_OBJC_ROOT_CLASS = YES_ERROR;
				CLANG_WARN_QUOTED_INCLUDE_IN_FRAMEWORK_HEADER = YES;
				CLANG_WARN_RANGE_LOOP_ANALYSIS = YES;
				CLANG_WARN_STRICT_PROTOTYPES = YES;
				CLANG_WARN_SUSPICIOUS_MOVE = YES;
				CLANG_WARN_UNGUARDED_AVAILABILITY = YES_AGGRESSIVE;
				CLANG_WARN_UNREACHABLE_CODE = YES;
				CLANG_WARN__DUPLICATE_METHOD_MATCH = YES;
				CODE_SIGN_IDENTITY = "-";
				CODE_SIGN_INJECT_BASE_ENTITLEMENTS = YES;
				CODE_SIGN_STYLE = Manual;
				COPY_PHASE_STRIP = NO;
				CURRENT_PROJECT_VERSION = 1;
				DEBUG_INFORMATION_FORMAT = dwarf;
				DEVELOPMENT_TEAM = V95N2B8X7A;
				ENABLE_HARDENED_RUNTIME = NO;
				ENABLE_STRICT_OBJC_MSGSEND = YES;
				ENABLE_TESTABILITY = YES;
				GCC_C_LANGUAGE_STANDARD = gnu11;
				GCC_DYNAMIC_NO_PIC = NO;
				GCC_NO_COMMON_BLOCKS = YES;
				GCC_OPTIMIZATION_LEVEL = 0;
				GCC_PREPROCESSOR_DEFINITIONS = (
					"$(inherited)",
					"DEBUG=1",
				);
				GCC_WARN_64_TO_32_BIT_CONVERSION = YES;
				GCC_WARN_ABOUT_RETURN_TYPE = YES_ERROR;
				GCC_WARN_UNDECLARED_SELECTOR = YES;
				GCC_WARN_UNINITIALIZED_AUTOS = YES_AGGRESSIVE;
				GCC_WARN_UNUSED_FUNCTION = YES;
				GCC_WARN_UNUSED_VARIABLE = YES;
				MACOSX_DEPLOYMENT_TARGET = 14.0;
				MARKETING_VERSION = 0.1.0;
				MTL_ENABLE_DEBUG_INFO = INCLUDE_SOURCE;
				MTL_FAST_MATH = YES;
				ONLY_ACTIVE_ARCH = YES;
				OTHER_CODE_SIGN_FLAGS = "--timestamp";
				PRODUCT_BUNDLE_IDENTIFIER = ai.ostler.installer;
				PRODUCT_NAME = OstlerInstaller;
				SDKROOT = macosx;
				SWIFT_ACTIVE_COMPILATION_CONDITIONS = DEBUG;
				SWIFT_OPTIMIZATION_LEVEL = "-Onone";
				SWIFT_VERSION = 5.9;
			};
			name = Debug;
		};
/* End XCBuildConfiguration section */

/* Begin XCConfigurationList section */
		83F8F40CF92AC5C4B89FB32F /* Build configuration list for PBXProject "OstlerInstaller" */ = {
			isa = XCConfigurationList;
			buildConfigurations = (
				BA3DC0A227A5037591C97D5A /* Debug */,
				75B3465B17430E9CC335A191 /* Release */,
			);
			defaultConfigurationIsVisible = 0;
			defaultConfigurationName = Debug;
		};
		ED6DB04F95A5252A16CE07C2 /* Build configuration list for PBXNativeTarget "OstlerInstaller" */ = {
			isa = XCConfigurationList;
			buildConfigurations = (
				445D28EE613AB0B2DFBF4FB0 /* Debug */,
				5D7B20AD95301993F53BA88D /* Release */,
			);
			defaultConfigurationIsVisible = 0;
			defaultConfigurationName = Debug;
		};
/* End XCConfigurationList section */
	};
	rootObject = BFE252117648CBD7A2B7131F /* Project object */;
}
