# Owner-knowledge check lock. Regenerate only with `owner_score.sh --relock`
# and say why in the commit. A tuning loop must never edit this file.
9627b2ad348a9ae3a5045d031696681a54f8185eb54fee7ad8e7e56ed4b43542  questions_visible.jsonl
acd5fb3ebf660b47addc1b703b970d5c416b00b320a3a72acf68b3be165a19c9  questions_heldout.jsonl
06e4363692dd1aa6b2dbd31ce1d7cddd0f4a0d484fe11273b5050de355bbe5aa  grading.py
74c371b7450ace2eeea5f70e0df1b7a0ef743aacb6a9553200ad1679c8e7ad11  owner_score.py
COMBINED 9a6abf409fcdb50658966f919d6234630e2a3bafe3da49ab1698d2ca05550fb6
