# Owner-knowledge check lock. Regenerate only with `owner_score.sh --relock`
# and say why in the commit. A tuning loop must never edit this file.
6c1b63dffcdee784d36f6b9aeeb647dde568e09bb305a54af9a008e4affad1a2  questions_visible.jsonl
b115c61f91ff220f7a04b9b26506b2cc5ee1ab9edd0acd433d1f478c5f4aa970  questions_heldout.jsonl
06e4363692dd1aa6b2dbd31ce1d7cddd0f4a0d484fe11273b5050de355bbe5aa  grading.py
74c371b7450ace2eeea5f70e0df1b7a0ef743aacb6a9553200ad1679c8e7ad11  owner_score.py
COMBINED 55170ec807ea3c34c66cc2af25f03f44a94597a645462766c3fca1c414521516
